PODS:
  - AESCrypt (0.0.1)
  - Alamofire (5.6.4)
  - CryptoSwift (1.4.0)
  - NSHash (1.2.0)
  - NVActivityIndicatorView (5.1.1):
    - NVActivityIndicatorView/Base (= 5.1.1)
  - NVActivityIndicatorView/Base (5.1.1)
  - SDWebImage (5.11.1):
    - SDWebImage/Core (= 5.11.1)
  - SDWebImage/Core (5.11.1)
  - SSZipArchive (2.2.3)
  - TouchJSON (1.1)

DEPENDENCIES:
  - AESCrypt
  - Alamofire
  - CryptoSwift
  - NSHash
  - NVActivityIndicatorView
  - SDWebImage
  - SSZipArchive
  - TouchJSON

SPEC REPOS:
  trunk:
    - AESCrypt
    - Alamofire
    - CryptoSwift
    - NSHash
    - NVActivityIndicatorView
    - SDWebImage
    - SSZipArchive
    - TouchJSON

SPEC CHECKSUMS:
  AESCrypt: 1d89bf8b0789cf274ab2205ea461adbe9321d5f8
  Alamofire: 4e95d97098eacb88856099c4fc79b526a299e48c
  CryptoSwift: 7cc902df1784de3b389a387756c7d710f197730c
  NSHash: 036c03781d372c288d332b512b203e7bb832e46e
  NVActivityIndicatorView: 1f6c5687f1171810aa27a3296814dc2d7dec3667
  SDWebImage: a7f831e1a65eb5e285e3fb046a23fcfbf08e696d
  SSZipArchive: 62d4947b08730e4cda640473b0066d209ff033c9
  TouchJSON: 39be3595ebe489095311d97ce0c824417324cb74

PODFILE CHECKSUM: 4463c7cfdbee01f39c474b1441e45e8e36a670b1

COCOAPODS: 1.11.3
