// !$*UTF8*$!
{
	archiveVersion = 1;
	classes = {
	};
	objectVersion = 56;
	objects = {

/* Begin PBXBuildFile section */
		183F34D392D01293E42A86D9 /* Pods_project_iosTests.framework in Frameworks */ = {isa = PBXBuildFile; fileRef = 428A0E565721FD5A62C5D2E3 /* Pods_project_iosTests.framework */; };
		18E6AEC01F0FC22B2B587959 /* Pods_project_ios.framework in Frameworks */ = {isa = PBXBuildFile; fileRef = CB9775961E28402A55CA4191 /* Pods_project_ios.framework */; };
		A111DA2D295EE981005950AD /* AppDelegate.swift in Sources */ = {isa = PBXBuildFile; fileRef = A111DA2C295EE981005950AD /* AppDelegate.swift */; };
		A111DA2F295EE981005950AD /* SceneDelegate.swift in Sources */ = {isa = PBXBuildFile; fileRef = A111DA2E295EE981005950AD /* SceneDelegate.swift */; };
		A111DA31295EE981005950AD /* ViewController.swift in Sources */ = {isa = PBXBuildFile; fileRef = A111DA30295EE981005950AD /* ViewController.swift */; };
		A111DA34295EE981005950AD /* Main.storyboard in Resources */ = {isa = PBXBuildFile; fileRef = A111DA32295EE981005950AD /* Main.storyboard */; };
		A111DA37295EE981005950AD /* project_ios.xcdatamodeld in Sources */ = {isa = PBXBuildFile; fileRef = A111DA35295EE981005950AD /* project_ios.xcdatamodeld */; };
		A111DA39295EE984005950AD /* Assets.xcassets in Resources */ = {isa = PBXBuildFile; fileRef = A111DA38295EE984005950AD /* Assets.xcassets */; };
		A111DA3C295EE984005950AD /* LaunchScreen.storyboard in Resources */ = {isa = PBXBuildFile; fileRef = A111DA3A295EE984005950AD /* LaunchScreen.storyboard */; };
		A111DA47295EE984005950AD /* project_iosTests.swift in Sources */ = {isa = PBXBuildFile; fileRef = A111DA46295EE984005950AD /* project_iosTests.swift */; };
		A111DA51295EE984005950AD /* project_iosUITests.swift in Sources */ = {isa = PBXBuildFile; fileRef = A111DA50295EE984005950AD /* project_iosUITests.swift */; };
		A111DA53295EE984005950AD /* project_iosUITestsLaunchTests.swift in Sources */ = {isa = PBXBuildFile; fileRef = A111DA52295EE984005950AD /* project_iosUITestsLaunchTests.swift */; };
		A111DA62295EE9AF005950AD /* ExtensionUIFont.swift in Sources */ = {isa = PBXBuildFile; fileRef = A111DA60295EE9AE005950AD /* ExtensionUIFont.swift */; };
		A111DA63295EE9AF005950AD /* ExtensionUIDevice.swift in Sources */ = {isa = PBXBuildFile; fileRef = A111DA61295EE9AF005950AD /* ExtensionUIDevice.swift */; };
		A12329162961564800454FCF /* SQLiteService.swift in Sources */ = {isa = PBXBuildFile; fileRef = A12329152961564800454FCF /* SQLiteService.swift */; };
		A123291C2961598D00454FCF /* tables.json in Resources */ = {isa = PBXBuildFile; fileRef = A12329192961598C00454FCF /* tables.json */; };
		A123291D2961598D00454FCF /* map_data.json in Resources */ = {isa = PBXBuildFile; fileRef = A123291A2961598C00454FCF /* map_data.json */; };
		A123291E2961598D00454FCF /* PNA.db in Resources */ = {isa = PBXBuildFile; fileRef = A123291B2961598C00454FCF /* PNA.db */; };
		A123292229615A2500454FCF /* Swift-Bridging-Header.h in Sources */ = {isa = PBXBuildFile; fileRef = A123292129615A2500454FCF /* Swift-Bridging-Header.h */; };
		A123292429615D6900454FCF /* AlamofireService.swift in Sources */ = {isa = PBXBuildFile; fileRef = A123292329615D6900454FCF /* AlamofireService.swift */; };
		A123292629615D9800454FCF /* ExtensionString.swift in Sources */ = {isa = PBXBuildFile; fileRef = A123292529615D9800454FCF /* ExtensionString.swift */; };
		A148DAB0296196D100C28DB3 /* ConnectService.swift in Sources */ = {isa = PBXBuildFile; fileRef = A148DAAF296196D100C28DB3 /* ConnectService.swift */; };
		A148DAB22961981E00C28DB3 /* DownloadService.swift in Sources */ = {isa = PBXBuildFile; fileRef = A148DAB12961981E00C28DB3 /* DownloadService.swift */; };
		A148DAB42961983600C28DB3 /* LanguageService.swift in Sources */ = {isa = PBXBuildFile; fileRef = A148DAB32961983600C28DB3 /* LanguageService.swift */; };
		A1614070296417A200551492 /* CTHSqlite.m in Sources */ = {isa = PBXBuildFile; fileRef = A161406D296417A100551492 /* CTHSqlite.m */; };
		A1614071296417A200551492 /* CTHPlatform.m in Sources */ = {isa = PBXBuildFile; fileRef = A161406F296417A100551492 /* CTHPlatform.m */; };
		A1614074296418B900551492 /* CTHUserDefined.m in Sources */ = {isa = PBXBuildFile; fileRef = A1614072296418B900551492 /* CTHUserDefined.m */; };
		A161407929641AF400551492 /* CTHCoreData.m in Sources */ = {isa = PBXBuildFile; fileRef = A161407529641AF300551492 /* CTHCoreData.m */; };
		A161407A29641AF400551492 /* CTHCamera.m in Sources */ = {isa = PBXBuildFile; fileRef = A161407729641AF300551492 /* CTHCamera.m */; };
		A161407D29641B2F00551492 /* CTHLanguage.m in Sources */ = {isa = PBXBuildFile; fileRef = A161407B29641B2F00551492 /* CTHLanguage.m */; };
		A161408029641DAE00551492 /* CTHCache.m in Sources */ = {isa = PBXBuildFile; fileRef = A161407F29641DAE00551492 /* CTHCache.m */; };
		A161408329641DEA00551492 /* CTHJson.m in Sources */ = {isa = PBXBuildFile; fileRef = A161408129641DEA00551492 /* CTHJson.m */; };
		A161408829641E5100551492 /* PDKeychainBindings.m in Sources */ = {isa = PBXBuildFile; fileRef = A161408429641E5100551492 /* PDKeychainBindings.m */; };
		A161408929641E5100551492 /* PDKeychainBindingsController.m in Sources */ = {isa = PBXBuildFile; fileRef = A161408629641E5100551492 /* PDKeychainBindingsController.m */; };
		A161408C29641F9F00551492 /* CTHDownload.m in Sources */ = {isa = PBXBuildFile; fileRef = A161408B29641F9F00551492 /* CTHDownload.m */; };
		A16140972964269400551492 /* CTHConnection.m in Sources */ = {isa = PBXBuildFile; fileRef = A16140902964269300551492 /* CTHConnection.m */; };
		A16140992964269400551492 /* CTHBaseConnection.m in Sources */ = {isa = PBXBuildFile; fileRef = A16140922964269300551492 /* CTHBaseConnection.m */; };
		A161409A2964269400551492 /* CTHBaseApi.m in Sources */ = {isa = PBXBuildFile; fileRef = A16140942964269400551492 /* CTHBaseApi.m */; };
		A161409D2964288E00551492 /* CTHDialog.m in Sources */ = {isa = PBXBuildFile; fileRef = A161409B2964288E00551492 /* CTHDialog.m */; };
		A16140C829642A1E00551492 /* CTCSlideIndicate.m in Sources */ = {isa = PBXBuildFile; fileRef = A16140A829642A1C00551492 /* CTCSlideIndicate.m */; };
		A16140C929642A1E00551492 /* CTCButton.m in Sources */ = {isa = PBXBuildFile; fileRef = A16140AB29642A1C00551492 /* CTCButton.m */; };
		A16140CA29642A1E00551492 /* CTCPageDot.m in Sources */ = {isa = PBXBuildFile; fileRef = A16140AE29642A1C00551492 /* CTCPageDot.m */; };
		A16140CB29642A1E00551492 /* CTCProgressBar.m in Sources */ = {isa = PBXBuildFile; fileRef = A16140B029642A1D00551492 /* CTCProgressBar.m */; };
		A16140CC29642A1E00551492 /* CTCImageView.m in Sources */ = {isa = PBXBuildFile; fileRef = A16140B129642A1D00551492 /* CTCImageView.m */; };
		A16140CD29642A1E00551492 /* CTCSwitch.m in Sources */ = {isa = PBXBuildFile; fileRef = A16140B229642A1D00551492 /* CTCSwitch.m */; };
		A16140CE29642A1E00551492 /* CTCTextField.m in Sources */ = {isa = PBXBuildFile; fileRef = A16140B429642A1D00551492 /* CTCTextField.m */; };
		A16140CF29642A1E00551492 /* CTCSlider.m in Sources */ = {isa = PBXBuildFile; fileRef = A16140B729642A1D00551492 /* CTCSlider.m */; };
		A16140D029642A1E00551492 /* CTCLineChart.m in Sources */ = {isa = PBXBuildFile; fileRef = A16140BA29642A1D00551492 /* CTCLineChart.m */; };
		A16140D129642A1E00551492 /* CTCVideo.m in Sources */ = {isa = PBXBuildFile; fileRef = A16140BB29642A1D00551492 /* CTCVideo.m */; };
		A16140D229642A1E00551492 /* CTCArcChart.m in Sources */ = {isa = PBXBuildFile; fileRef = A16140BD29642A1D00551492 /* CTCArcChart.m */; };
		A16140D329642A1E00551492 /* CTCLabel.m in Sources */ = {isa = PBXBuildFile; fileRef = A16140BE29642A1D00551492 /* CTCLabel.m */; };
		A16140D429642A1E00551492 /* CTCDepthScrollView.m in Sources */ = {isa = PBXBuildFile; fileRef = A16140BF29642A1D00551492 /* CTCDepthScrollView.m */; };
		A16140D529642A1E00551492 /* CTCWKWebView.m in Sources */ = {isa = PBXBuildFile; fileRef = A16140C229642A1E00551492 /* CTCWKWebView.m */; };
		A16140D629642A1E00551492 /* CTCCircleChart.m in Sources */ = {isa = PBXBuildFile; fileRef = A16140C329642A1E00551492 /* CTCCircleChart.m */; };
		A16140D729642A1E00551492 /* CTCView.m in Sources */ = {isa = PBXBuildFile; fileRef = A16140C629642A1E00551492 /* CTCView.m */; };
		A16140DA29642B0700551492 /* CTHHelper.m in Sources */ = {isa = PBXBuildFile; fileRef = A16140D929642B0700551492 /* CTHHelper.m */; };
		A16140DC29642B3900551492 /* CoreMedia.framework in Frameworks */ = {isa = PBXBuildFile; fileRef = A16140DB29642B3800551492 /* CoreMedia.framework */; };
		A16140DF29642B6100551492 /* CTHFont.m in Sources */ = {isa = PBXBuildFile; fileRef = A16140DE29642B6100551492 /* CTHFont.m */; };
		A16140E229642BBF00551492 /* RadialGradientView.m in Sources */ = {isa = PBXBuildFile; fileRef = A16140E129642BBF00551492 /* RadialGradientView.m */; };
		A16140E529642EBC00551492 /* CTHDGActivityIndicator.m in Sources */ = {isa = PBXBuildFile; fileRef = A16140E329642EBB00551492 /* CTHDGActivityIndicator.m */; };
		A16140E72964398500551492 /* UtilsDownload.swift in Sources */ = {isa = PBXBuildFile; fileRef = A16140E62964398500551492 /* UtilsDownload.swift */; };
		A16140E929643A8F00551492 /* UtilsKeychain.swift in Sources */ = {isa = PBXBuildFile; fileRef = A16140E829643A8F00551492 /* UtilsKeychain.swift */; };
		A16140EB29643B2E00551492 /* UtilsAppSetting.swift in Sources */ = {isa = PBXBuildFile; fileRef = A16140EA29643B2E00551492 /* UtilsAppSetting.swift */; };
		A16140ED2964406B00551492 /* UtilsPhotoGallery.swift in Sources */ = {isa = PBXBuildFile; fileRef = A16140EC2964406B00551492 /* UtilsPhotoGallery.swift */; };
		A193340E29613705000FD966 /* CoreData.framework in Frameworks */ = {isa = PBXBuildFile; fileRef = A193340D29613704000FD966 /* CoreData.framework */; };
		A19334102961454D000FD966 /* UtilsValidation.swift in Sources */ = {isa = PBXBuildFile; fileRef = A193340F2961454D000FD966 /* UtilsValidation.swift */; };
		A1933412296146E3000FD966 /* Global.swift in Sources */ = {isa = PBXBuildFile; fileRef = A1933411296146E3000FD966 /* Global.swift */; };
		A1D315A7295F036B0083141F /* ExtensionUIViewController.swift in Sources */ = {isa = PBXBuildFile; fileRef = A1D315A6295F036B0083141F /* ExtensionUIViewController.swift */; };
		A1D315AA295F0B9F0083141F /* ExtensionUIButton.swift in Sources */ = {isa = PBXBuildFile; fileRef = A1D315A9295F0B9F0083141F /* ExtensionUIButton.swift */; };
		A1D315AC295F0BEE0083141F /* ExtensionUILabel.swift in Sources */ = {isa = PBXBuildFile; fileRef = A1D315AB295F0BEE0083141F /* ExtensionUILabel.swift */; };
		A1D315AE295F0EAA0083141F /* UtilsCrypto.swift in Sources */ = {isa = PBXBuildFile; fileRef = A1D315AD295F0EAA0083141F /* UtilsCrypto.swift */; };
		A1D315B0295F10140083141F /* Security.framework in Frameworks */ = {isa = PBXBuildFile; fileRef = A1D315AF295F10140083141F /* Security.framework */; };
		A1EA97D52960A52F006760BA /* SwiftTutorial.swift in Sources */ = {isa = PBXBuildFile; fileRef = A1EA97D42960A52F006760BA /* SwiftTutorial.swift */; };
		A1EA97D72960AC87006760BA /* UtilsCoreData.swift in Sources */ = {isa = PBXBuildFile; fileRef = A1EA97D62960AC87006760BA /* UtilsCoreData.swift */; };
		A1EA97D92960ACB5006760BA /* UtilsLog.swift in Sources */ = {isa = PBXBuildFile; fileRef = A1EA97D82960ACB5006760BA /* UtilsLog.swift */; };
		C97BB97FDFBBA648C95578C7 /* Pods_project_ios_project_iosUITests.framework in Frameworks */ = {isa = PBXBuildFile; fileRef = 59A6BD6A6E953535E889CDDB /* Pods_project_ios_project_iosUITests.framework */; };
/* End PBXBuildFile section */

/* Begin PBXContainerItemProxy section */
		A111DA43295EE984005950AD /* PBXContainerItemProxy */ = {
			isa = PBXContainerItemProxy;
			containerPortal = A111DA21295EE981005950AD /* Project object */;
			proxyType = 1;
			remoteGlobalIDString = A111DA28295EE981005950AD;
			remoteInfo = project_ios;
		};
		A111DA4D295EE984005950AD /* PBXContainerItemProxy */ = {
			isa = PBXContainerItemProxy;
			containerPortal = A111DA21295EE981005950AD /* Project object */;
			proxyType = 1;
			remoteGlobalIDString = A111DA28295EE981005950AD;
			remoteInfo = project_ios;
		};
/* End PBXContainerItemProxy section */

/* Begin PBXFileReference section */
		0549CA936CD7A820369F8FD8 /* Pods-project_iosTests.debug.xcconfig */ = {isa = PBXFileReference; includeInIndex = 1; lastKnownFileType = text.xcconfig; name = "Pods-project_iosTests.debug.xcconfig"; path = "Target Support Files/Pods-project_iosTests/Pods-project_iosTests.debug.xcconfig"; sourceTree = "<group>"; };
		2288D3BFC6966CD2F1B85F99 /* Pods-project_ios.debug.xcconfig */ = {isa = PBXFileReference; includeInIndex = 1; lastKnownFileType = text.xcconfig; name = "Pods-project_ios.debug.xcconfig"; path = "Target Support Files/Pods-project_ios/Pods-project_ios.debug.xcconfig"; sourceTree = "<group>"; };
		28FAAAA79D77C1FEA2F321A3 /* Pods-project_iosTests.release.xcconfig */ = {isa = PBXFileReference; includeInIndex = 1; lastKnownFileType = text.xcconfig; name = "Pods-project_iosTests.release.xcconfig"; path = "Target Support Files/Pods-project_iosTests/Pods-project_iosTests.release.xcconfig"; sourceTree = "<group>"; };
		428A0E565721FD5A62C5D2E3 /* Pods_project_iosTests.framework */ = {isa = PBXFileReference; explicitFileType = wrapper.framework; includeInIndex = 0; path = Pods_project_iosTests.framework; sourceTree = BUILT_PRODUCTS_DIR; };
		59A6BD6A6E953535E889CDDB /* Pods_project_ios_project_iosUITests.framework */ = {isa = PBXFileReference; explicitFileType = wrapper.framework; includeInIndex = 0; path = Pods_project_ios_project_iosUITests.framework; sourceTree = BUILT_PRODUCTS_DIR; };
		64CE682E9F7E02460E0AA9B2 /* Pods-project_ios.release.xcconfig */ = {isa = PBXFileReference; includeInIndex = 1; lastKnownFileType = text.xcconfig; name = "Pods-project_ios.release.xcconfig"; path = "Target Support Files/Pods-project_ios/Pods-project_ios.release.xcconfig"; sourceTree = "<group>"; };
		6D99D32E888B2607B5CFDDAF /* Pods-project_ios-project_iosUITests.release.xcconfig */ = {isa = PBXFileReference; includeInIndex = 1; lastKnownFileType = text.xcconfig; name = "Pods-project_ios-project_iosUITests.release.xcconfig"; path = "Target Support Files/Pods-project_ios-project_iosUITests/Pods-project_ios-project_iosUITests.release.xcconfig"; sourceTree = "<group>"; };
		A111DA29295EE981005950AD /* project_ios.app */ = {isa = PBXFileReference; explicitFileType = wrapper.application; includeInIndex = 0; path = project_ios.app; sourceTree = BUILT_PRODUCTS_DIR; };
		A111DA2C295EE981005950AD /* AppDelegate.swift */ = {isa = PBXFileReference; lastKnownFileType = sourcecode.swift; path = AppDelegate.swift; sourceTree = "<group>"; };
		A111DA2E295EE981005950AD /* SceneDelegate.swift */ = {isa = PBXFileReference; lastKnownFileType = sourcecode.swift; path = SceneDelegate.swift; sourceTree = "<group>"; };
		A111DA30295EE981005950AD /* ViewController.swift */ = {isa = PBXFileReference; lastKnownFileType = sourcecode.swift; path = ViewController.swift; sourceTree = "<group>"; };
		A111DA33295EE981005950AD /* Base */ = {isa = PBXFileReference; lastKnownFileType = file.storyboard; name = Base; path = Base.lproj/Main.storyboard; sourceTree = "<group>"; };
		A111DA36295EE981005950AD /* project_ios.xcdatamodel */ = {isa = PBXFileReference; lastKnownFileType = wrapper.xcdatamodel; path = project_ios.xcdatamodel; sourceTree = "<group>"; };
		A111DA38295EE984005950AD /* Assets.xcassets */ = {isa = PBXFileReference; lastKnownFileType = folder.assetcatalog; path = Assets.xcassets; sourceTree = "<group>"; };
		A111DA3B295EE984005950AD /* Base */ = {isa = PBXFileReference; lastKnownFileType = file.storyboard; name = Base; path = Base.lproj/LaunchScreen.storyboard; sourceTree = "<group>"; };
		A111DA3D295EE984005950AD /* Info.plist */ = {isa = PBXFileReference; lastKnownFileType = text.plist.xml; path = Info.plist; sourceTree = "<group>"; };
		A111DA42295EE984005950AD /* project_iosTests.xctest */ = {isa = PBXFileReference; explicitFileType = wrapper.cfbundle; includeInIndex = 0; path = project_iosTests.xctest; sourceTree = BUILT_PRODUCTS_DIR; };
		A111DA46295EE984005950AD /* project_iosTests.swift */ = {isa = PBXFileReference; lastKnownFileType = sourcecode.swift; path = project_iosTests.swift; sourceTree = "<group>"; };
		A111DA4C295EE984005950AD /* project_iosUITests.xctest */ = {isa = PBXFileReference; explicitFileType = wrapper.cfbundle; includeInIndex = 0; path = project_iosUITests.xctest; sourceTree = BUILT_PRODUCTS_DIR; };
		A111DA50295EE984005950AD /* project_iosUITests.swift */ = {isa = PBXFileReference; lastKnownFileType = sourcecode.swift; path = project_iosUITests.swift; sourceTree = "<group>"; };
		A111DA52295EE984005950AD /* project_iosUITestsLaunchTests.swift */ = {isa = PBXFileReference; lastKnownFileType = sourcecode.swift; path = project_iosUITestsLaunchTests.swift; sourceTree = "<group>"; };
		A111DA60295EE9AE005950AD /* ExtensionUIFont.swift */ = {isa = PBXFileReference; fileEncoding = 4; lastKnownFileType = sourcecode.swift; path = ExtensionUIFont.swift; sourceTree = "<group>"; };
		A111DA61295EE9AF005950AD /* ExtensionUIDevice.swift */ = {isa = PBXFileReference; fileEncoding = 4; lastKnownFileType = sourcecode.swift; path = ExtensionUIDevice.swift; sourceTree = "<group>"; };
		A12329152961564800454FCF /* SQLiteService.swift */ = {isa = PBXFileReference; lastKnownFileType = sourcecode.swift; path = SQLiteService.swift; sourceTree = "<group>"; };
		A1232918296158D400454FCF /* libsqlite3.0.tbd */ = {isa = PBXFileReference; lastKnownFileType = "sourcecode.text-based-dylib-definition"; name = libsqlite3.0.tbd; path = usr/lib/libsqlite3.0.tbd; sourceTree = SDKROOT; };
		A12329192961598C00454FCF /* tables.json */ = {isa = PBXFileReference; fileEncoding = 4; lastKnownFileType = text.json; path = tables.json; sourceTree = "<group>"; };
		A123291A2961598C00454FCF /* map_data.json */ = {isa = PBXFileReference; fileEncoding = 4; lastKnownFileType = text.json; path = map_data.json; sourceTree = "<group>"; };
		A123291B2961598C00454FCF /* PNA.db */ = {isa = PBXFileReference; lastKnownFileType = file; path = PNA.db; sourceTree = "<group>"; };
		A123292029615A2400454FCF /* project_ios-Bridging-Header.h */ = {isa = PBXFileReference; lastKnownFileType = sourcecode.c.h; path = "project_ios-Bridging-Header.h"; sourceTree = "<group>"; };
		A123292129615A2500454FCF /* Swift-Bridging-Header.h */ = {isa = PBXFileReference; lastKnownFileType = sourcecode.c.h; path = "Swift-Bridging-Header.h"; sourceTree = "<group>"; };
		A123292329615D6900454FCF /* AlamofireService.swift */ = {isa = PBXFileReference; lastKnownFileType = sourcecode.swift; path = AlamofireService.swift; sourceTree = "<group>"; };
		A123292529615D9800454FCF /* ExtensionString.swift */ = {isa = PBXFileReference; lastKnownFileType = sourcecode.swift; path = ExtensionString.swift; sourceTree = "<group>"; };
		A148DAAF296196D100C28DB3 /* ConnectService.swift */ = {isa = PBXFileReference; lastKnownFileType = sourcecode.swift; path = ConnectService.swift; sourceTree = "<group>"; };
		A148DAB12961981E00C28DB3 /* DownloadService.swift */ = {isa = PBXFileReference; lastKnownFileType = sourcecode.swift; path = DownloadService.swift; sourceTree = "<group>"; };
		A148DAB32961983600C28DB3 /* LanguageService.swift */ = {isa = PBXFileReference; lastKnownFileType = sourcecode.swift; path = LanguageService.swift; sourceTree = "<group>"; };
		A161406C296417A100551492 /* CTHPlatform.h */ = {isa = PBXFileReference; fileEncoding = 4; lastKnownFileType = sourcecode.c.h; path = CTHPlatform.h; sourceTree = "<group>"; };
		A161406D296417A100551492 /* CTHSqlite.m */ = {isa = PBXFileReference; fileEncoding = 4; lastKnownFileType = sourcecode.c.objc; path = CTHSqlite.m; sourceTree = "<group>"; };
		A161406E296417A100551492 /* CTHSqlite.h */ = {isa = PBXFileReference; fileEncoding = 4; lastKnownFileType = sourcecode.c.h; path = CTHSqlite.h; sourceTree = "<group>"; };
		A161406F296417A100551492 /* CTHPlatform.m */ = {isa = PBXFileReference; fileEncoding = 4; lastKnownFileType = sourcecode.c.objc; path = CTHPlatform.m; sourceTree = "<group>"; };
		A1614072296418B900551492 /* CTHUserDefined.m */ = {isa = PBXFileReference; fileEncoding = 4; lastKnownFileType = sourcecode.c.objc; path = CTHUserDefined.m; sourceTree = "<group>"; };
		A1614073296418B900551492 /* CTHUserDefined.h */ = {isa = PBXFileReference; fileEncoding = 4; lastKnownFileType = sourcecode.c.h; path = CTHUserDefined.h; sourceTree = "<group>"; };
		A161407529641AF300551492 /* CTHCoreData.m */ = {isa = PBXFileReference; fileEncoding = 4; lastKnownFileType = sourcecode.c.objc; path = CTHCoreData.m; sourceTree = "<group>"; };
		A161407629641AF300551492 /* CTHCamera.h */ = {isa = PBXFileReference; fileEncoding = 4; lastKnownFileType = sourcecode.c.h; path = CTHCamera.h; sourceTree = "<group>"; };
		A161407729641AF300551492 /* CTHCamera.m */ = {isa = PBXFileReference; fileEncoding = 4; lastKnownFileType = sourcecode.c.objc; path = CTHCamera.m; sourceTree = "<group>"; };
		A161407829641AF300551492 /* CTHCoreData.h */ = {isa = PBXFileReference; fileEncoding = 4; lastKnownFileType = sourcecode.c.h; path = CTHCoreData.h; sourceTree = "<group>"; };
		A161407B29641B2F00551492 /* CTHLanguage.m */ = {isa = PBXFileReference; fileEncoding = 4; lastKnownFileType = sourcecode.c.objc; path = CTHLanguage.m; sourceTree = "<group>"; };
		A161407C29641B2F00551492 /* CTHLanguage.h */ = {isa = PBXFileReference; fileEncoding = 4; lastKnownFileType = sourcecode.c.h; path = CTHLanguage.h; sourceTree = "<group>"; };
		A161407E29641DAE00551492 /* CTHCache.h */ = {isa = PBXFileReference; fileEncoding = 4; lastKnownFileType = sourcecode.c.h; path = CTHCache.h; sourceTree = "<group>"; };
		A161407F29641DAE00551492 /* CTHCache.m */ = {isa = PBXFileReference; fileEncoding = 4; lastKnownFileType = sourcecode.c.objc; path = CTHCache.m; sourceTree = "<group>"; };
		A161408129641DEA00551492 /* CTHJson.m */ = {isa = PBXFileReference; fileEncoding = 4; lastKnownFileType = sourcecode.c.objc; path = CTHJson.m; sourceTree = "<group>"; };
		A161408229641DEA00551492 /* CTHJson.h */ = {isa = PBXFileReference; fileEncoding = 4; lastKnownFileType = sourcecode.c.h; path = CTHJson.h; sourceTree = "<group>"; };
		A161408429641E5100551492 /* PDKeychainBindings.m */ = {isa = PBXFileReference; fileEncoding = 4; lastKnownFileType = sourcecode.c.objc; path = PDKeychainBindings.m; sourceTree = "<group>"; };
		A161408529641E5100551492 /* PDKeychainBindingsController.h */ = {isa = PBXFileReference; fileEncoding = 4; lastKnownFileType = sourcecode.c.h; path = PDKeychainBindingsController.h; sourceTree = "<group>"; };
		A161408629641E5100551492 /* PDKeychainBindingsController.m */ = {isa = PBXFileReference; fileEncoding = 4; lastKnownFileType = sourcecode.c.objc; path = PDKeychainBindingsController.m; sourceTree = "<group>"; };
		A161408729641E5100551492 /* PDKeychainBindings.h */ = {isa = PBXFileReference; fileEncoding = 4; lastKnownFileType = sourcecode.c.h; path = PDKeychainBindings.h; sourceTree = "<group>"; };
		A161408A29641F9F00551492 /* CTHDownload.h */ = {isa = PBXFileReference; fileEncoding = 4; lastKnownFileType = sourcecode.c.h; path = CTHDownload.h; sourceTree = "<group>"; };
		A161408B29641F9F00551492 /* CTHDownload.m */ = {isa = PBXFileReference; fileEncoding = 4; lastKnownFileType = sourcecode.c.objc; path = CTHDownload.m; sourceTree = "<group>"; };
		A161408E29641FFB00551492 /* Constant.h */ = {isa = PBXFileReference; lastKnownFileType = sourcecode.c.h; path = Constant.h; sourceTree = "<group>"; };
		A161408F2964269300551492 /* CTHBaseApi.h */ = {isa = PBXFileReference; fileEncoding = 4; lastKnownFileType = sourcecode.c.h; path = CTHBaseApi.h; sourceTree = "<group>"; };
		A16140902964269300551492 /* CTHConnection.m */ = {isa = PBXFileReference; fileEncoding = 4; lastKnownFileType = sourcecode.c.objc; path = CTHConnection.m; sourceTree = "<group>"; };
		A16140922964269300551492 /* CTHBaseConnection.m */ = {isa = PBXFileReference; fileEncoding = 4; lastKnownFileType = sourcecode.c.objc; path = CTHBaseConnection.m; sourceTree = "<group>"; };
		A16140942964269400551492 /* CTHBaseApi.m */ = {isa = PBXFileReference; fileEncoding = 4; lastKnownFileType = sourcecode.c.objc; path = CTHBaseApi.m; sourceTree = "<group>"; };
		A16140952964269400551492 /* CTHBaseConnection.h */ = {isa = PBXFileReference; fileEncoding = 4; lastKnownFileType = sourcecode.c.h; path = CTHBaseConnection.h; sourceTree = "<group>"; };
		A16140962964269400551492 /* CTHConnection.h */ = {isa = PBXFileReference; fileEncoding = 4; lastKnownFileType = sourcecode.c.h; path = CTHConnection.h; sourceTree = "<group>"; };
		A161409B2964288E00551492 /* CTHDialog.m */ = {isa = PBXFileReference; fileEncoding = 4; lastKnownFileType = sourcecode.c.objc; path = CTHDialog.m; sourceTree = "<group>"; };
		A161409C2964288E00551492 /* CTHDialog.h */ = {isa = PBXFileReference; fileEncoding = 4; lastKnownFileType = sourcecode.c.h; path = CTHDialog.h; sourceTree = "<group>"; };
		A16140A829642A1C00551492 /* CTCSlideIndicate.m */ = {isa = PBXFileReference; fileEncoding = 4; lastKnownFileType = sourcecode.c.objc; path = CTCSlideIndicate.m; sourceTree = "<group>"; };
		A16140A929642A1C00551492 /* CTCImageView.h */ = {isa = PBXFileReference; fileEncoding = 4; lastKnownFileType = sourcecode.c.h; path = CTCImageView.h; sourceTree = "<group>"; };
		A16140AA29642A1C00551492 /* CTCSlideIndicate.h */ = {isa = PBXFileReference; fileEncoding = 4; lastKnownFileType = sourcecode.c.h; path = CTCSlideIndicate.h; sourceTree = "<group>"; };
		A16140AB29642A1C00551492 /* CTCButton.m */ = {isa = PBXFileReference; fileEncoding = 4; lastKnownFileType = sourcecode.c.objc; path = CTCButton.m; sourceTree = "<group>"; };
		A16140AC29642A1C00551492 /* CTCPageDot.h */ = {isa = PBXFileReference; fileEncoding = 4; lastKnownFileType = sourcecode.c.h; path = CTCPageDot.h; sourceTree = "<group>"; };
		A16140AD29642A1C00551492 /* CTCSlider.h */ = {isa = PBXFileReference; fileEncoding = 4; lastKnownFileType = sourcecode.c.h; path = CTCSlider.h; sourceTree = "<group>"; };
		A16140AE29642A1C00551492 /* CTCPageDot.m */ = {isa = PBXFileReference; fileEncoding = 4; lastKnownFileType = sourcecode.c.objc; path = CTCPageDot.m; sourceTree = "<group>"; };
		A16140AF29642A1D00551492 /* CTCView.h */ = {isa = PBXFileReference; fileEncoding = 4; lastKnownFileType = sourcecode.c.h; path = CTCView.h; sourceTree = "<group>"; };
		A16140B029642A1D00551492 /* CTCProgressBar.m */ = {isa = PBXFileReference; fileEncoding = 4; lastKnownFileType = sourcecode.c.objc; path = CTCProgressBar.m; sourceTree = "<group>"; };
		A16140B129642A1D00551492 /* CTCImageView.m */ = {isa = PBXFileReference; fileEncoding = 4; lastKnownFileType = sourcecode.c.objc; path = CTCImageView.m; sourceTree = "<group>"; };
		A16140B229642A1D00551492 /* CTCSwitch.m */ = {isa = PBXFileReference; fileEncoding = 4; lastKnownFileType = sourcecode.c.objc; path = CTCSwitch.m; sourceTree = "<group>"; };
		A16140B329642A1D00551492 /* CTCWKWebView.h */ = {isa = PBXFileReference; fileEncoding = 4; lastKnownFileType = sourcecode.c.h; path = CTCWKWebView.h; sourceTree = "<group>"; };
		A16140B429642A1D00551492 /* CTCTextField.m */ = {isa = PBXFileReference; fileEncoding = 4; lastKnownFileType = sourcecode.c.objc; path = CTCTextField.m; sourceTree = "<group>"; };
		A16140B529642A1D00551492 /* CTCButton.h */ = {isa = PBXFileReference; fileEncoding = 4; lastKnownFileType = sourcecode.c.h; path = CTCButton.h; sourceTree = "<group>"; };
		A16140B629642A1D00551492 /* CTCCircleChart.h */ = {isa = PBXFileReference; fileEncoding = 4; lastKnownFileType = sourcecode.c.h; path = CTCCircleChart.h; sourceTree = "<group>"; };
		A16140B729642A1D00551492 /* CTCSlider.m */ = {isa = PBXFileReference; fileEncoding = 4; lastKnownFileType = sourcecode.c.objc; path = CTCSlider.m; sourceTree = "<group>"; };
		A16140B829642A1D00551492 /* CTCTextField.h */ = {isa = PBXFileReference; fileEncoding = 4; lastKnownFileType = sourcecode.c.h; path = CTCTextField.h; sourceTree = "<group>"; };
		A16140B929642A1D00551492 /* CTCSwitch.h */ = {isa = PBXFileReference; fileEncoding = 4; lastKnownFileType = sourcecode.c.h; path = CTCSwitch.h; sourceTree = "<group>"; };
		A16140BA29642A1D00551492 /* CTCLineChart.m */ = {isa = PBXFileReference; fileEncoding = 4; lastKnownFileType = sourcecode.c.objc; path = CTCLineChart.m; sourceTree = "<group>"; };
		A16140BB29642A1D00551492 /* CTCVideo.m */ = {isa = PBXFileReference; fileEncoding = 4; lastKnownFileType = sourcecode.c.objc; path = CTCVideo.m; sourceTree = "<group>"; };
		A16140BC29642A1D00551492 /* CTCLineChart.h */ = {isa = PBXFileReference; fileEncoding = 4; lastKnownFileType = sourcecode.c.h; path = CTCLineChart.h; sourceTree = "<group>"; };
		A16140BD29642A1D00551492 /* CTCArcChart.m */ = {isa = PBXFileReference; fileEncoding = 4; lastKnownFileType = sourcecode.c.objc; path = CTCArcChart.m; sourceTree = "<group>"; };
		A16140BE29642A1D00551492 /* CTCLabel.m */ = {isa = PBXFileReference; fileEncoding = 4; lastKnownFileType = sourcecode.c.objc; path = CTCLabel.m; sourceTree = "<group>"; };
		A16140BF29642A1D00551492 /* CTCDepthScrollView.m */ = {isa = PBXFileReference; fileEncoding = 4; lastKnownFileType = sourcecode.c.objc; path = CTCDepthScrollView.m; sourceTree = "<group>"; };
		A16140C029642A1D00551492 /* CTCDepthScrollView.h */ = {isa = PBXFileReference; fileEncoding = 4; lastKnownFileType = sourcecode.c.h; path = CTCDepthScrollView.h; sourceTree = "<group>"; };
		A16140C129642A1E00551492 /* CTCArcChart.h */ = {isa = PBXFileReference; fileEncoding = 4; lastKnownFileType = sourcecode.c.h; path = CTCArcChart.h; sourceTree = "<group>"; };
		A16140C229642A1E00551492 /* CTCWKWebView.m */ = {isa = PBXFileReference; fileEncoding = 4; lastKnownFileType = sourcecode.c.objc; path = CTCWKWebView.m; sourceTree = "<group>"; };
		A16140C329642A1E00551492 /* CTCCircleChart.m */ = {isa = PBXFileReference; fileEncoding = 4; lastKnownFileType = sourcecode.c.objc; path = CTCCircleChart.m; sourceTree = "<group>"; };
		A16140C429642A1E00551492 /* CTCVideo.h */ = {isa = PBXFileReference; fileEncoding = 4; lastKnownFileType = sourcecode.c.h; path = CTCVideo.h; sourceTree = "<group>"; };
		A16140C529642A1E00551492 /* CTCProgressBar.h */ = {isa = PBXFileReference; fileEncoding = 4; lastKnownFileType = sourcecode.c.h; path = CTCProgressBar.h; sourceTree = "<group>"; };
		A16140C629642A1E00551492 /* CTCView.m */ = {isa = PBXFileReference; fileEncoding = 4; lastKnownFileType = sourcecode.c.objc; path = CTCView.m; sourceTree = "<group>"; };
		A16140C729642A1E00551492 /* CTCLabel.h */ = {isa = PBXFileReference; fileEncoding = 4; lastKnownFileType = sourcecode.c.h; path = CTCLabel.h; sourceTree = "<group>"; };
		A16140D829642B0700551492 /* CTHHelper.h */ = {isa = PBXFileReference; fileEncoding = 4; lastKnownFileType = sourcecode.c.h; path = CTHHelper.h; sourceTree = "<group>"; };
		A16140D929642B0700551492 /* CTHHelper.m */ = {isa = PBXFileReference; fileEncoding = 4; lastKnownFileType = sourcecode.c.objc; path = CTHHelper.m; sourceTree = "<group>"; };
		A16140DB29642B3800551492 /* CoreMedia.framework */ = {isa = PBXFileReference; lastKnownFileType = wrapper.framework; name = CoreMedia.framework; path = System/Library/Frameworks/CoreMedia.framework; sourceTree = SDKROOT; };
		A16140DD29642B6100551492 /* CTHFont.h */ = {isa = PBXFileReference; fileEncoding = 4; lastKnownFileType = sourcecode.c.h; path = CTHFont.h; sourceTree = "<group>"; };
		A16140DE29642B6100551492 /* CTHFont.m */ = {isa = PBXFileReference; fileEncoding = 4; lastKnownFileType = sourcecode.c.objc; path = CTHFont.m; sourceTree = "<group>"; };
		A16140E029642BBF00551492 /* RadialGradientView.h */ = {isa = PBXFileReference; fileEncoding = 4; lastKnownFileType = sourcecode.c.h; path = RadialGradientView.h; sourceTree = "<group>"; };
		A16140E129642BBF00551492 /* RadialGradientView.m */ = {isa = PBXFileReference; fileEncoding = 4; lastKnownFileType = sourcecode.c.objc; path = RadialGradientView.m; sourceTree = "<group>"; };
		A16140E329642EBB00551492 /* CTHDGActivityIndicator.m */ = {isa = PBXFileReference; fileEncoding = 4; lastKnownFileType = sourcecode.c.objc; path = CTHDGActivityIndicator.m; sourceTree = "<group>"; };
		A16140E429642EBC00551492 /* CTHDGActivityIndicator.h */ = {isa = PBXFileReference; fileEncoding = 4; lastKnownFileType = sourcecode.c.h; path = CTHDGActivityIndicator.h; sourceTree = "<group>"; };
		A16140E62964398500551492 /* UtilsDownload.swift */ = {isa = PBXFileReference; lastKnownFileType = sourcecode.swift; path = UtilsDownload.swift; sourceTree = "<group>"; };
		A16140E829643A8F00551492 /* UtilsKeychain.swift */ = {isa = PBXFileReference; lastKnownFileType = sourcecode.swift; path = UtilsKeychain.swift; sourceTree = "<group>"; };
		A16140EA29643B2E00551492 /* UtilsAppSetting.swift */ = {isa = PBXFileReference; lastKnownFileType = sourcecode.swift; path = UtilsAppSetting.swift; sourceTree = "<group>"; };
		A16140EC2964406B00551492 /* UtilsPhotoGallery.swift */ = {isa = PBXFileReference; lastKnownFileType = sourcecode.swift; path = UtilsPhotoGallery.swift; sourceTree = "<group>"; };
		A193340D29613704000FD966 /* CoreData.framework */ = {isa = PBXFileReference; lastKnownFileType = wrapper.framework; name = CoreData.framework; path = System/Library/Frameworks/CoreData.framework; sourceTree = SDKROOT; };
		A193340F2961454D000FD966 /* UtilsValidation.swift */ = {isa = PBXFileReference; lastKnownFileType = sourcecode.swift; path = UtilsValidation.swift; sourceTree = "<group>"; };
		A1933411296146E3000FD966 /* Global.swift */ = {isa = PBXFileReference; lastKnownFileType = sourcecode.swift; path = Global.swift; sourceTree = "<group>"; };
		A1D315A6295F036B0083141F /* ExtensionUIViewController.swift */ = {isa = PBXFileReference; lastKnownFileType = sourcecode.swift; path = ExtensionUIViewController.swift; sourceTree = "<group>"; };
		A1D315A9295F0B9F0083141F /* ExtensionUIButton.swift */ = {isa = PBXFileReference; lastKnownFileType = sourcecode.swift; path = ExtensionUIButton.swift; sourceTree = "<group>"; };
		A1D315AB295F0BEE0083141F /* ExtensionUILabel.swift */ = {isa = PBXFileReference; lastKnownFileType = sourcecode.swift; path = ExtensionUILabel.swift; sourceTree = "<group>"; };
		A1D315AD295F0EAA0083141F /* UtilsCrypto.swift */ = {isa = PBXFileReference; lastKnownFileType = sourcecode.swift; path = UtilsCrypto.swift; sourceTree = "<group>"; };
		A1D315AF295F10140083141F /* Security.framework */ = {isa = PBXFileReference; lastKnownFileType = wrapper.framework; name = Security.framework; path = System/Library/Frameworks/Security.framework; sourceTree = SDKROOT; };
		A1EA97D42960A52F006760BA /* SwiftTutorial.swift */ = {isa = PBXFileReference; lastKnownFileType = sourcecode.swift; path = SwiftTutorial.swift; sourceTree = "<group>"; };
		A1EA97D62960AC87006760BA /* UtilsCoreData.swift */ = {isa = PBXFileReference; lastKnownFileType = sourcecode.swift; path = UtilsCoreData.swift; sourceTree = "<group>"; };
		A1EA97D82960ACB5006760BA /* UtilsLog.swift */ = {isa = PBXFileReference; lastKnownFileType = sourcecode.swift; path = UtilsLog.swift; sourceTree = "<group>"; };
		C6258E80AF6E984A927880F3 /* Pods-project_ios-project_iosUITests.debug.xcconfig */ = {isa = PBXFileReference; includeInIndex = 1; lastKnownFileType = text.xcconfig; name = "Pods-project_ios-project_iosUITests.debug.xcconfig"; path = "Target Support Files/Pods-project_ios-project_iosUITests/Pods-project_ios-project_iosUITests.debug.xcconfig"; sourceTree = "<group>"; };
		CB9775961E28402A55CA4191 /* Pods_project_ios.framework */ = {isa = PBXFileReference; explicitFileType = wrapper.framework; includeInIndex = 0; path = Pods_project_ios.framework; sourceTree = BUILT_PRODUCTS_DIR; };
/* End PBXFileReference section */

/* Begin PBXFrameworksBuildPhase section */
		A111DA26295EE981005950AD /* Frameworks */ = {
			isa = PBXFrameworksBuildPhase;
			buildActionMask = 2147483647;
			files = (
				A16140DC29642B3900551492 /* CoreMedia.framework in Frameworks */,
				A1D315B0295F10140083141F /* Security.framework in Frameworks */,
				A193340E29613705000FD966 /* CoreData.framework in Frameworks */,
				18E6AEC01F0FC22B2B587959 /* Pods_project_ios.framework in Frameworks */,
			);
			runOnlyForDeploymentPostprocessing = 0;
		};
		A111DA3F295EE984005950AD /* Frameworks */ = {
			isa = PBXFrameworksBuildPhase;
			buildActionMask = 2147483647;
			files = (
				183F34D392D01293E42A86D9 /* Pods_project_iosTests.framework in Frameworks */,
			);
			runOnlyForDeploymentPostprocessing = 0;
		};
		A111DA49295EE984005950AD /* Frameworks */ = {
			isa = PBXFrameworksBuildPhase;
			buildActionMask = 2147483647;
			files = (
				C97BB97FDFBBA648C95578C7 /* Pods_project_ios_project_iosUITests.framework in Frameworks */,
			);
			runOnlyForDeploymentPostprocessing = 0;
		};
/* End PBXFrameworksBuildPhase section */

/* Begin PBXGroup section */
		905A84C21E471BB50CD26B67 /* Pods */ = {
			isa = PBXGroup;
			children = (
				2288D3BFC6966CD2F1B85F99 /* Pods-project_ios.debug.xcconfig */,
				64CE682E9F7E02460E0AA9B2 /* Pods-project_ios.release.xcconfig */,
				C6258E80AF6E984A927880F3 /* Pods-project_ios-project_iosUITests.debug.xcconfig */,
				6D99D32E888B2607B5CFDDAF /* Pods-project_ios-project_iosUITests.release.xcconfig */,
				0549CA936CD7A820369F8FD8 /* Pods-project_iosTests.debug.xcconfig */,
				28FAAAA79D77C1FEA2F321A3 /* Pods-project_iosTests.release.xcconfig */,
			);
			path = Pods;
			sourceTree = "<group>";
		};
		A111DA20295EE981005950AD = {
			isa = PBXGroup;
			children = (
				A111DA2B295EE981005950AD /* project_ios */,
				A111DA45295EE984005950AD /* project_iosTests */,
				A111DA4F295EE984005950AD /* project_iosUITests */,
				A111DA2A295EE981005950AD /* Products */,
				905A84C21E471BB50CD26B67 /* Pods */,
				ED0B42352A0BC134C53D5BF4 /* Frameworks */,
				A123292029615A2400454FCF /* project_ios-Bridging-Header.h */,
			);
			sourceTree = "<group>";
		};
		A111DA2A295EE981005950AD /* Products */ = {
			isa = PBXGroup;
			children = (
				A111DA29295EE981005950AD /* project_ios.app */,
				A111DA42295EE984005950AD /* project_iosTests.xctest */,
				A111DA4C295EE984005950AD /* project_iosUITests.xctest */,
			);
			name = Products;
			sourceTree = "<group>";
		};
		A111DA2B295EE981005950AD /* project_ios */ = {
			isa = PBXGroup;
			children = (
				A1232917296156EC00454FCF /* assets */,
				A16140682964167600551492 /* objectc */,
				A16140672964166D00551492 /* swift */,
				A123292129615A2500454FCF /* Swift-Bridging-Header.h */,
				A111DA2C295EE981005950AD /* AppDelegate.swift */,
				A111DA2E295EE981005950AD /* SceneDelegate.swift */,
				A111DA30295EE981005950AD /* ViewController.swift */,
				A111DA32295EE981005950AD /* Main.storyboard */,
				A111DA38295EE984005950AD /* Assets.xcassets */,
				A111DA3A295EE984005950AD /* LaunchScreen.storyboard */,
				A111DA3D295EE984005950AD /* Info.plist */,
				A111DA35295EE981005950AD /* project_ios.xcdatamodeld */,
			);
			path = project_ios;
			sourceTree = "<group>";
		};
		A111DA45295EE984005950AD /* project_iosTests */ = {
			isa = PBXGroup;
			children = (
				A111DA46295EE984005950AD /* project_iosTests.swift */,
			);
			path = project_iosTests;
			sourceTree = "<group>";
		};
		A111DA4F295EE984005950AD /* project_iosUITests */ = {
			isa = PBXGroup;
			children = (
				A111DA50295EE984005950AD /* project_iosUITests.swift */,
				A111DA52295EE984005950AD /* project_iosUITestsLaunchTests.swift */,
			);
			path = project_iosUITests;
			sourceTree = "<group>";
		};
		A111DA5F295EE997005950AD /* extensions */ = {
			isa = PBXGroup;
			children = (
				A111DA60295EE9AE005950AD /* ExtensionUIFont.swift */,
				A1D315A6295F036B0083141F /* ExtensionUIViewController.swift */,
				A111DA61295EE9AF005950AD /* ExtensionUIDevice.swift */,
				A1D315A9295F0B9F0083141F /* ExtensionUIButton.swift */,
				A1D315AB295F0BEE0083141F /* ExtensionUILabel.swift */,
				A123292529615D9800454FCF /* ExtensionString.swift */,
			);
			path = extensions;
			sourceTree = "<group>";
		};
		A12329142961562F00454FCF /* model */ = {
			isa = PBXGroup;
			children = (
				A12329152961564800454FCF /* SQLiteService.swift */,
				A123292329615D6900454FCF /* AlamofireService.swift */,
				A148DAB12961981E00C28DB3 /* DownloadService.swift */,
				A148DAAF296196D100C28DB3 /* ConnectService.swift */,
				A148DAB32961983600C28DB3 /* LanguageService.swift */,
			);
			path = model;
			sourceTree = "<group>";
		};
		A1232917296156EC00454FCF /* assets */ = {
			isa = PBXGroup;
			children = (
				A123291A2961598C00454FCF /* map_data.json */,
				A123291B2961598C00454FCF /* PNA.db */,
				A12329192961598C00454FCF /* tables.json */,
			);
			path = assets;
			sourceTree = "<group>";
		};
		A16140672964166D00551492 /* swift */ = {
			isa = PBXGroup;
			children = (
				A16140A42964298200551492 /* views */,
				A16140A32964297700551492 /* controllers */,
				A12329142961562F00454FCF /* model */,
				A1D315A8295F0B150083141F /* utils */,
				A111DA5F295EE997005950AD /* extensions */,
			);
			path = swift;
			sourceTree = "<group>";
		};
		A16140682964167600551492 /* objectc */ = {
			isa = PBXGroup;
			children = (
				A161408E29641FFB00551492 /* Constant.h */,
				A161408729641E5100551492 /* PDKeychainBindings.h */,
				A161408429641E5100551492 /* PDKeychainBindings.m */,
				A161408529641E5100551492 /* PDKeychainBindingsController.h */,
				A161408629641E5100551492 /* PDKeychainBindingsController.m */,
				A16140A7296429E700551492 /* controls */,
				A161406A2964173B00551492 /* helpers */,
				A161409F2964290B00551492 /* controllers */,
				A16140692964173400551492 /* model */,
				A16140A02964291E00551492 /* views */,
			);
			path = objectc;
			sourceTree = "<group>";
		};
		A16140692964173400551492 /* model */ = {
			isa = PBXGroup;
			children = (
				A161408F2964269300551492 /* CTHBaseApi.h */,
				A16140942964269400551492 /* CTHBaseApi.m */,
				A16140952964269400551492 /* CTHBaseConnection.h */,
				A16140922964269300551492 /* CTHBaseConnection.m */,
				A16140962964269400551492 /* CTHConnection.h */,
				A16140902964269300551492 /* CTHConnection.m */,
			);
			path = model;
			sourceTree = "<group>";
		};
		A161406A2964173B00551492 /* helpers */ = {
			isa = PBXGroup;
			children = (
				A161408229641DEA00551492 /* CTHJson.h */,
				A161408129641DEA00551492 /* CTHJson.m */,
				A161407E29641DAE00551492 /* CTHCache.h */,
				A161407F29641DAE00551492 /* CTHCache.m */,
				A161407C29641B2F00551492 /* CTHLanguage.h */,
				A161407B29641B2F00551492 /* CTHLanguage.m */,
				A161407629641AF300551492 /* CTHCamera.h */,
				A161407729641AF300551492 /* CTHCamera.m */,
				A161407829641AF300551492 /* CTHCoreData.h */,
				A161407529641AF300551492 /* CTHCoreData.m */,
				A161406C296417A100551492 /* CTHPlatform.h */,
				A161406F296417A100551492 /* CTHPlatform.m */,
				A161406E296417A100551492 /* CTHSqlite.h */,
				A161406D296417A100551492 /* CTHSqlite.m */,
				A1614073296418B900551492 /* CTHUserDefined.h */,
				A1614072296418B900551492 /* CTHUserDefined.m */,
				A161408A29641F9F00551492 /* CTHDownload.h */,
				A161408B29641F9F00551492 /* CTHDownload.m */,
				A161409C2964288E00551492 /* CTHDialog.h */,
				A161409B2964288E00551492 /* CTHDialog.m */,
				A16140D829642B0700551492 /* CTHHelper.h */,
				A16140D929642B0700551492 /* CTHHelper.m */,
				A16140DD29642B6100551492 /* CTHFont.h */,
				A16140DE29642B6100551492 /* CTHFont.m */,
				A16140E429642EBC00551492 /* CTHDGActivityIndicator.h */,
				A16140E329642EBB00551492 /* CTHDGActivityIndicator.m */,
			);
			path = helpers;
			sourceTree = "<group>";
		};
		A161409F2964290B00551492 /* controllers */ = {
			isa = PBXGroup;
			children = (
			);
			path = controllers;
			sourceTree = "<group>";
		};
		A16140A02964291E00551492 /* views */ = {
			isa = PBXGroup;
			children = (
				A16140A22964294100551492 /* storyboards */,
				A16140A12964293A00551492 /* cells */,
			);
			path = views;
			sourceTree = "<group>";
		};
		A16140A12964293A00551492 /* cells */ = {
			isa = PBXGroup;
			children = (
			);
			path = cells;
			sourceTree = "<group>";
		};
		A16140A22964294100551492 /* storyboards */ = {
			isa = PBXGroup;
			children = (
			);
			path = storyboards;
			sourceTree = "<group>";
		};
		A16140A32964297700551492 /* controllers */ = {
			isa = PBXGroup;
			children = (
			);
			path = controllers;
			sourceTree = "<group>";
		};
		A16140A42964298200551492 /* views */ = {
			isa = PBXGroup;
			children = (
				A16140A62964299500551492 /* cells */,
				A16140A52964298700551492 /* storyboards */,
			);
			path = views;
			sourceTree = "<group>";
		};
		A16140A52964298700551492 /* storyboards */ = {
			isa = PBXGroup;
			children = (
			);
			path = storyboards;
			sourceTree = "<group>";
		};
		A16140A62964299500551492 /* cells */ = {
			isa = PBXGroup;
			children = (
			);
			path = cells;
			sourceTree = "<group>";
		};
		A16140A7296429E700551492 /* controls */ = {
			isa = PBXGroup;
			children = (
				A16140C129642A1E00551492 /* CTCArcChart.h */,
				A16140BD29642A1D00551492 /* CTCArcChart.m */,
				A16140B529642A1D00551492 /* CTCButton.h */,
				A16140AB29642A1C00551492 /* CTCButton.m */,
				A16140B629642A1D00551492 /* CTCCircleChart.h */,
				A16140C329642A1E00551492 /* CTCCircleChart.m */,
				A16140C029642A1D00551492 /* CTCDepthScrollView.h */,
				A16140BF29642A1D00551492 /* CTCDepthScrollView.m */,
				A16140A929642A1C00551492 /* CTCImageView.h */,
				A16140B129642A1D00551492 /* CTCImageView.m */,
				A16140C729642A1E00551492 /* CTCLabel.h */,
				A16140BE29642A1D00551492 /* CTCLabel.m */,
				A16140BC29642A1D00551492 /* CTCLineChart.h */,
				A16140BA29642A1D00551492 /* CTCLineChart.m */,
				A16140AC29642A1C00551492 /* CTCPageDot.h */,
				A16140AE29642A1C00551492 /* CTCPageDot.m */,
				A16140C529642A1E00551492 /* CTCProgressBar.h */,
				A16140B029642A1D00551492 /* CTCProgressBar.m */,
				A16140AA29642A1C00551492 /* CTCSlideIndicate.h */,
				A16140A829642A1C00551492 /* CTCSlideIndicate.m */,
				A16140AD29642A1C00551492 /* CTCSlider.h */,
				A16140B729642A1D00551492 /* CTCSlider.m */,
				A16140B929642A1D00551492 /* CTCSwitch.h */,
				A16140B229642A1D00551492 /* CTCSwitch.m */,
				A16140B829642A1D00551492 /* CTCTextField.h */,
				A16140B429642A1D00551492 /* CTCTextField.m */,
				A16140C429642A1E00551492 /* CTCVideo.h */,
				A16140BB29642A1D00551492 /* CTCVideo.m */,
				A16140AF29642A1D00551492 /* CTCView.h */,
				A16140C629642A1E00551492 /* CTCView.m */,
				A16140B329642A1D00551492 /* CTCWKWebView.h */,
				A16140C229642A1E00551492 /* CTCWKWebView.m */,
				A16140E029642BBF00551492 /* RadialGradientView.h */,
				A16140E129642BBF00551492 /* RadialGradientView.m */,
			);
			path = controls;
			sourceTree = "<group>";
		};
		A1D315A8295F0B150083141F /* utils */ = {
			isa = PBXGroup;
			children = (
				A1EA97D42960A52F006760BA /* SwiftTutorial.swift */,
				A1933411296146E3000FD966 /* Global.swift */,
				A1D315AD295F0EAA0083141F /* UtilsCrypto.swift */,
				A193340F2961454D000FD966 /* UtilsValidation.swift */,
				A1EA97D62960AC87006760BA /* UtilsCoreData.swift */,
				A1EA97D82960ACB5006760BA /* UtilsLog.swift */,
				A16140E62964398500551492 /* UtilsDownload.swift */,
				A16140E829643A8F00551492 /* UtilsKeychain.swift */,
				A16140EA29643B2E00551492 /* UtilsAppSetting.swift */,
				A16140EC2964406B00551492 /* UtilsPhotoGallery.swift */,
			);
			path = utils;
			sourceTree = "<group>";
		};
		ED0B42352A0BC134C53D5BF4 /* Frameworks */ = {
			isa = PBXGroup;
			children = (
				A16140DB29642B3800551492 /* CoreMedia.framework */,
				A1232918296158D400454FCF /* libsqlite3.0.tbd */,
				A193340D29613704000FD966 /* CoreData.framework */,
				A1D315AF295F10140083141F /* Security.framework */,
				CB9775961E28402A55CA4191 /* Pods_project_ios.framework */,
				59A6BD6A6E953535E889CDDB /* Pods_project_ios_project_iosUITests.framework */,
				428A0E565721FD5A62C5D2E3 /* Pods_project_iosTests.framework */,
			);
			name = Frameworks;
			sourceTree = "<group>";
		};
/* End PBXGroup section */

/* Begin PBXNativeTarget section */
		A111DA28295EE981005950AD /* project_ios */ = {
			isa = PBXNativeTarget;
			buildConfigurationList = A111DA56295EE984005950AD /* Build configuration list for PBXNativeTarget "project_ios" */;
			buildPhases = (
				2EF61118DCCBB045DB8A6859 /* [CP] Check Pods Manifest.lock */,
				A111DA25295EE981005950AD /* Sources */,
				A111DA26295EE981005950AD /* Frameworks */,
				A111DA27295EE981005950AD /* Resources */,
				F888B575132EB9C51FC3AA66 /* [CP] Embed Pods Frameworks */,
			);
			buildRules = (
			);
			dependencies = (
			);
			name = project_ios;
			productName = project_ios;
			productReference = A111DA29295EE981005950AD /* project_ios.app */;
			productType = "com.apple.product-type.application";
		};
		A111DA41295EE984005950AD /* project_iosTests */ = {
			isa = PBXNativeTarget;
			buildConfigurationList = A111DA59295EE984005950AD /* Build configuration list for PBXNativeTarget "project_iosTests" */;
			buildPhases = (
				99A0B1E148E1496D6EC45F95 /* [CP] Check Pods Manifest.lock */,
				A111DA3E295EE984005950AD /* Sources */,
				A111DA3F295EE984005950AD /* Frameworks */,
				A111DA40295EE984005950AD /* Resources */,
			);
			buildRules = (
			);
			dependencies = (
				A111DA44295EE984005950AD /* PBXTargetDependency */,
			);
			name = project_iosTests;
			productName = project_iosTests;
			productReference = A111DA42295EE984005950AD /* project_iosTests.xctest */;
			productType = "com.apple.product-type.bundle.unit-test";
		};
		A111DA4B295EE984005950AD /* project_iosUITests */ = {
			isa = PBXNativeTarget;
			buildConfigurationList = A111DA5C295EE984005950AD /* Build configuration list for PBXNativeTarget "project_iosUITests" */;
			buildPhases = (
				589911EC54A6E46B61655904 /* [CP] Check Pods Manifest.lock */,
				A111DA48295EE984005950AD /* Sources */,
				A111DA49295EE984005950AD /* Frameworks */,
				A111DA4A295EE984005950AD /* Resources */,
				528B51E9FE28A77632E743AF /* [CP] Embed Pods Frameworks */,
			);
			buildRules = (
			);
			dependencies = (
				A111DA4E295EE984005950AD /* PBXTargetDependency */,
			);
			name = project_iosUITests;
			productName = project_iosUITests;
			productReference = A111DA4C295EE984005950AD /* project_iosUITests.xctest */;
			productType = "com.apple.product-type.bundle.ui-testing";
		};
/* End PBXNativeTarget section */

/* Begin PBXProject section */
		A111DA21295EE981005950AD /* Project object */ = {
			isa = PBXProject;
			attributes = {
				BuildIndependentTargetsInParallel = 1;
				LastSwiftUpdateCheck = 1410;
				LastUpgradeCheck = 1410;
				TargetAttributes = {
					A111DA28295EE981005950AD = {
						CreatedOnToolsVersion = 14.1;
						LastSwiftMigration = 1410;
					};
					A111DA41295EE984005950AD = {
						CreatedOnToolsVersion = 14.1;
						TestTargetID = A111DA28295EE981005950AD;
					};
					A111DA4B295EE984005950AD = {
						CreatedOnToolsVersion = 14.1;
						TestTargetID = A111DA28295EE981005950AD;
					};
				};
			};
			buildConfigurationList = A111DA24295EE981005950AD /* Build configuration list for PBXProject "project_ios" */;
			compatibilityVersion = "Xcode 14.0";
			developmentRegion = en;
			hasScannedForEncodings = 0;
			knownRegions = (
				en,
				Base,
			);
			mainGroup = A111DA20295EE981005950AD;
			productRefGroup = A111DA2A295EE981005950AD /* Products */;
			projectDirPath = "";
			projectRoot = "";
			targets = (
				A111DA28295EE981005950AD /* project_ios */,
				A111DA41295EE984005950AD /* project_iosTests */,
				A111DA4B295EE984005950AD /* project_iosUITests */,
			);
		};
/* End PBXProject section */

/* Begin PBXResourcesBuildPhase section */
		A111DA27295EE981005950AD /* Resources */ = {
			isa = PBXResourcesBuildPhase;
			buildActionMask = 2147483647;
			files = (
				A123291D2961598D00454FCF /* map_data.json in Resources */,
				A111DA3C295EE984005950AD /* LaunchScreen.storyboard in Resources */,
				A111DA39295EE984005950AD /* Assets.xcassets in Resources */,
				A123291C2961598D00454FCF /* tables.json in Resources */,
				A111DA34295EE981005950AD /* Main.storyboard in Resources */,
				A123291E2961598D00454FCF /* PNA.db in Resources */,
			);
			runOnlyForDeploymentPostprocessing = 0;
		};
		A111DA40295EE984005950AD /* Resources */ = {
			isa = PBXResourcesBuildPhase;
			buildActionMask = 2147483647;
			files = (
			);
			runOnlyForDeploymentPostprocessing = 0;
		};
		A111DA4A295EE984005950AD /* Resources */ = {
			isa = PBXResourcesBuildPhase;
			buildActionMask = 2147483647;
			files = (
			);
			runOnlyForDeploymentPostprocessing = 0;
		};
/* End PBXResourcesBuildPhase section */

/* Begin PBXShellScriptBuildPhase section */
		2EF61118DCCBB045DB8A6859 /* [CP] Check Pods Manifest.lock */ = {
			isa = PBXShellScriptBuildPhase;
			buildActionMask = 2147483647;
			files = (
			);
			inputFileListPaths = (
			);
			inputPaths = (
				"${PODS_PODFILE_DIR_PATH}/Podfile.lock",
				"${PODS_ROOT}/Manifest.lock",
			);
			name = "[CP] Check Pods Manifest.lock";
			outputFileListPaths = (
			);
			outputPaths = (
				"$(DERIVED_FILE_DIR)/Pods-project_ios-checkManifestLockResult.txt",
			);
			runOnlyForDeploymentPostprocessing = 0;
			shellPath = /bin/sh;
			shellScript = "diff \"${PODS_PODFILE_DIR_PATH}/Podfile.lock\" \"${PODS_ROOT}/Manifest.lock\" > /dev/null\nif [ $? != 0 ] ; then\n    # print error to STDERR\n    echo \"error: The sandbox is not in sync with the Podfile.lock. Run 'pod install' or update your CocoaPods installation.\" >&2\n    exit 1\nfi\n# This output is used by Xcode 'outputs' to avoid re-running this script phase.\necho \"SUCCESS\" > \"${SCRIPT_OUTPUT_FILE_0}\"\n";
			showEnvVarsInLog = 0;
		};
		528B51E9FE28A77632E743AF /* [CP] Embed Pods Frameworks */ = {
			isa = PBXShellScriptBuildPhase;
			buildActionMask = 2147483647;
			files = (
			);
			inputFileListPaths = (
				"${PODS_ROOT}/Target Support Files/Pods-project_ios-project_iosUITests/Pods-project_ios-project_iosUITests-frameworks-${CONFIGURATION}-input-files.xcfilelist",
			);
			name = "[CP] Embed Pods Frameworks";
			outputFileListPaths = (
				"${PODS_ROOT}/Target Support Files/Pods-project_ios-project_iosUITests/Pods-project_ios-project_iosUITests-frameworks-${CONFIGURATION}-output-files.xcfilelist",
			);
			runOnlyForDeploymentPostprocessing = 0;
			shellPath = /bin/sh;
			shellScript = "\"${PODS_ROOT}/Target Support Files/Pods-project_ios-project_iosUITests/Pods-project_ios-project_iosUITests-frameworks.sh\"\n";
			showEnvVarsInLog = 0;
		};
		589911EC54A6E46B61655904 /* [CP] Check Pods Manifest.lock */ = {
			isa = PBXShellScriptBuildPhase;
			buildActionMask = 2147483647;
			files = (
			);
			inputFileListPaths = (
			);
			inputPaths = (
				"${PODS_PODFILE_DIR_PATH}/Podfile.lock",
				"${PODS_ROOT}/Manifest.lock",
			);
			name = "[CP] Check Pods Manifest.lock";
			outputFileListPaths = (
			);
			outputPaths = (
				"$(DERIVED_FILE_DIR)/Pods-project_ios-project_iosUITests-checkManifestLockResult.txt",
			);
			runOnlyForDeploymentPostprocessing = 0;
			shellPath = /bin/sh;
			shellScript = "diff \"${PODS_PODFILE_DIR_PATH}/Podfile.lock\" \"${PODS_ROOT}/Manifest.lock\" > /dev/null\nif [ $? != 0 ] ; then\n    # print error to STDERR\n    echo \"error: The sandbox is not in sync with the Podfile.lock. Run 'pod install' or update your CocoaPods installation.\" >&2\n    exit 1\nfi\n# This output is used by Xcode 'outputs' to avoid re-running this script phase.\necho \"SUCCESS\" > \"${SCRIPT_OUTPUT_FILE_0}\"\n";
			showEnvVarsInLog = 0;
		};
		99A0B1E148E1496D6EC45F95 /* [CP] Check Pods Manifest.lock */ = {
			isa = PBXShellScriptBuildPhase;
			buildActionMask = 2147483647;
			files = (
			);
			inputFileListPaths = (
			);
			inputPaths = (
				"${PODS_PODFILE_DIR_PATH}/Podfile.lock",
				"${PODS_ROOT}/Manifest.lock",
			);
			name = "[CP] Check Pods Manifest.lock";
			outputFileListPaths = (
			);
			outputPaths = (
				"$(DERIVED_FILE_DIR)/Pods-project_iosTests-checkManifestLockResult.txt",
			);
			runOnlyForDeploymentPostprocessing = 0;
			shellPath = /bin/sh;
			shellScript = "diff \"${PODS_PODFILE_DIR_PATH}/Podfile.lock\" \"${PODS_ROOT}/Manifest.lock\" > /dev/null\nif [ $? != 0 ] ; then\n    # print error to STDERR\n    echo \"error: The sandbox is not in sync with the Podfile.lock. Run 'pod install' or update your CocoaPods installation.\" >&2\n    exit 1\nfi\n# This output is used by Xcode 'outputs' to avoid re-running this script phase.\necho \"SUCCESS\" > \"${SCRIPT_OUTPUT_FILE_0}\"\n";
			showEnvVarsInLog = 0;
		};
		F888B575132EB9C51FC3AA66 /* [CP] Embed Pods Frameworks */ = {
			isa = PBXShellScriptBuildPhase;
			buildActionMask = 2147483647;
			files = (
			);
			inputFileListPaths = (
				"${PODS_ROOT}/Target Support Files/Pods-project_ios/Pods-project_ios-frameworks-${CONFIGURATION}-input-files.xcfilelist",
			);
			name = "[CP] Embed Pods Frameworks";
			outputFileListPaths = (
				"${PODS_ROOT}/Target Support Files/Pods-project_ios/Pods-project_ios-frameworks-${CONFIGURATION}-output-files.xcfilelist",
			);
			runOnlyForDeploymentPostprocessing = 0;
			shellPath = /bin/sh;
			shellScript = "\"${PODS_ROOT}/Target Support Files/Pods-project_ios/Pods-project_ios-frameworks.sh\"\n";
			showEnvVarsInLog = 0;
		};
/* End PBXShellScriptBuildPhase section */

/* Begin PBXSourcesBuildPhase section */
		A111DA25295EE981005950AD /* Sources */ = {
			isa = PBXSourcesBuildPhase;
			buildActionMask = 2147483647;
			files = (
				A16140EB29643B2E00551492 /* UtilsAppSetting.swift in Sources */,
				A111DA31295EE981005950AD /* ViewController.swift in Sources */,
				A12329162961564800454FCF /* SQLiteService.swift in Sources */,
				A161408C29641F9F00551492 /* CTHDownload.m in Sources */,
				A161409A2964269400551492 /* CTHBaseApi.m in Sources */,
				A161407929641AF400551492 /* CTHCoreData.m in Sources */,
				A16140CA29642A1E00551492 /* CTCPageDot.m in Sources */,
				A1D315AA295F0B9F0083141F /* ExtensionUIButton.swift in Sources */,
				A16140CD29642A1E00551492 /* CTCSwitch.m in Sources */,
				A19334102961454D000FD966 /* UtilsValidation.swift in Sources */,
				A16140C829642A1E00551492 /* CTCSlideIndicate.m in Sources */,
				A1D315AC295F0BEE0083141F /* ExtensionUILabel.swift in Sources */,
				A148DAB42961983600C28DB3 /* LanguageService.swift in Sources */,
				A16140D429642A1E00551492 /* CTCDepthScrollView.m in Sources */,
				A1614074296418B900551492 /* CTHUserDefined.m in Sources */,
				A111DA62295EE9AF005950AD /* ExtensionUIFont.swift in Sources */,
				A16140E929643A8F00551492 /* UtilsKeychain.swift in Sources */,
				A16140CB29642A1E00551492 /* CTCProgressBar.m in Sources */,
				A16140CF29642A1E00551492 /* CTCSlider.m in Sources */,
				A16140D729642A1E00551492 /* CTCView.m in Sources */,
				A16140ED2964406B00551492 /* UtilsPhotoGallery.swift in Sources */,
				A16140E529642EBC00551492 /* CTHDGActivityIndicator.m in Sources */,
				A161407A29641AF400551492 /* CTHCamera.m in Sources */,
				A148DAB0296196D100C28DB3 /* ConnectService.swift in Sources */,
				A161408929641E5100551492 /* PDKeychainBindingsController.m in Sources */,
				A16140CC29642A1E00551492 /* CTCImageView.m in Sources */,
				A1D315AE295F0EAA0083141F /* UtilsCrypto.swift in Sources */,
				A161408029641DAE00551492 /* CTHCache.m in Sources */,
				A161409D2964288E00551492 /* CTHDialog.m in Sources */,
				A16140972964269400551492 /* CTHConnection.m in Sources */,
				A16140D129642A1E00551492 /* CTCVideo.m in Sources */,
				A148DAB22961981E00C28DB3 /* DownloadService.swift in Sources */,
				A16140D229642A1E00551492 /* CTCArcChart.m in Sources */,
				A1D315A7295F036B0083141F /* ExtensionUIViewController.swift in Sources */,
				A1EA97D52960A52F006760BA /* SwiftTutorial.swift in Sources */,
				A16140992964269400551492 /* CTHBaseConnection.m in Sources */,
				A1614071296417A200551492 /* CTHPlatform.m in Sources */,
				A123292229615A2500454FCF /* Swift-Bridging-Header.h in Sources */,
				A123292429615D6900454FCF /* AlamofireService.swift in Sources */,
				A161408829641E5100551492 /* PDKeychainBindings.m in Sources */,
				A161408329641DEA00551492 /* CTHJson.m in Sources */,
				A16140E229642BBF00551492 /* RadialGradientView.m in Sources */,
				A1933412296146E3000FD966 /* Global.swift in Sources */,
				A16140D629642A1E00551492 /* CTCCircleChart.m in Sources */,
				A16140C929642A1E00551492 /* CTCButton.m in Sources */,
				A111DA37295EE981005950AD /* project_ios.xcdatamodeld in Sources */,
				A16140E72964398500551492 /* UtilsDownload.swift in Sources */,
				A16140DA29642B0700551492 /* CTHHelper.m in Sources */,
				A1EA97D92960ACB5006760BA /* UtilsLog.swift in Sources */,
				A16140CE29642A1E00551492 /* CTCTextField.m in Sources */,
				A111DA63295EE9AF005950AD /* ExtensionUIDevice.swift in Sources */,
				A16140D029642A1E00551492 /* CTCLineChart.m in Sources */,
				A123292629615D9800454FCF /* ExtensionString.swift in Sources */,
				A111DA2D295EE981005950AD /* AppDelegate.swift in Sources */,
				A1614070296417A200551492 /* CTHSqlite.m in Sources */,
				A16140DF29642B6100551492 /* CTHFont.m in Sources */,
				A1EA97D72960AC87006760BA /* UtilsCoreData.swift in Sources */,
				A111DA2F295EE981005950AD /* SceneDelegate.swift in Sources */,
				A161407D29641B2F00551492 /* CTHLanguage.m in Sources */,
				A16140D529642A1E00551492 /* CTCWKWebView.m in Sources */,
				A16140D329642A1E00551492 /* CTCLabel.m in Sources */,
			);
			runOnlyForDeploymentPostprocessing = 0;
		};
		A111DA3E295EE984005950AD /* Sources */ = {
			isa = PBXSourcesBuildPhase;
			buildActionMask = 2147483647;
			files = (
				A111DA47295EE984005950AD /* project_iosTests.swift in Sources */,
			);
			runOnlyForDeploymentPostprocessing = 0;
		};
		A111DA48295EE984005950AD /* Sources */ = {
			isa = PBXSourcesBuildPhase;
			buildActionMask = 2147483647;
			files = (
				A111DA53295EE984005950AD /* project_iosUITestsLaunchTests.swift in Sources */,
				A111DA51295EE984005950AD /* project_iosUITests.swift in Sources */,
			);
			runOnlyForDeploymentPostprocessing = 0;
		};
/* End PBXSourcesBuildPhase section */

/* Begin PBXTargetDependency section */
		A111DA44295EE984005950AD /* PBXTargetDependency */ = {
			isa = PBXTargetDependency;
			target = A111DA28295EE981005950AD /* project_ios */;
			targetProxy = A111DA43295EE984005950AD /* PBXContainerItemProxy */;
		};
		A111DA4E295EE984005950AD /* PBXTargetDependency */ = {
			isa = PBXTargetDependency;
			target = A111DA28295EE981005950AD /* project_ios */;
			targetProxy = A111DA4D295EE984005950AD /* PBXContainerItemProxy */;
		};
/* End PBXTargetDependency section */

/* Begin PBXVariantGroup section */
		A111DA32295EE981005950AD /* Main.storyboard */ = {
			isa = PBXVariantGroup;
			children = (
				A111DA33295EE981005950AD /* Base */,
			);
			name = Main.storyboard;
			sourceTree = "<group>";
		};
		A111DA3A295EE984005950AD /* LaunchScreen.storyboard */ = {
			isa = PBXVariantGroup;
			children = (
				A111DA3B295EE984005950AD /* Base */,
			);
			name = LaunchScreen.storyboard;
			sourceTree = "<group>";
		};
/* End PBXVariantGroup section */

/* Begin XCBuildConfiguration section */
		A111DA54295EE984005950AD /* Debug */ = {
			isa = XCBuildConfiguration;
			buildSettings = {
				ALWAYS_SEARCH_USER_PATHS = NO;
				CLANG_ANALYZER_NONNULL = YES;
				CLANG_ANALYZER_NUMBER_OBJECT_CONVERSION = YES_AGGRESSIVE;
				CLANG_CXX_LANGUAGE_STANDARD = "gnu++20";
				CLANG_ENABLE_MODULES = YES;
				CLANG_ENABLE_OBJC_ARC = YES;
				CLANG_ENABLE_OBJC_WEAK = YES;
				CLANG_WARN_BLOCK_CAPTURE_AUTORELEASING = YES;
				CLANG_WARN_BOOL_CONVERSION = YES;
				CLANG_WARN_COMMA = YES;
				CLANG_WARN_CONSTANT_CONVERSION = YES;
				CLANG_WARN_DEPRECATED_OBJC_IMPLEMENTATIONS = YES;
				CLANG_WARN_DIRECT_OBJC_ISA_USAGE = YES_ERROR;
				CLANG_WARN_DOCUMENTATION_COMMENTS = YES;
				CLANG_WARN_EMPTY_BODY = YES;
				CLANG_WARN_ENUM_CONVERSION = YES;
				CLANG_WARN_INFINITE_RECURSION = YES;
				CLANG_WARN_INT_CONVERSION = YES;
				CLANG_WARN_NON_LITERAL_NULL_CONVERSION = YES;
				CLANG_WARN_OBJC_IMPLICIT_RETAIN_SELF = YES;
				CLANG_WARN_OBJC_LITERAL_CONVERSION = YES;
				CLANG_WARN_OBJC_ROOT_CLASS = YES_ERROR;
				CLANG_WARN_QUOTED_INCLUDE_IN_FRAMEWORK_HEADER = YES;
				CLANG_WARN_RANGE_LOOP_ANALYSIS = YES;
				CLANG_WARN_STRICT_PROTOTYPES = YES;
				CLANG_WARN_SUSPICIOUS_MOVE = YES;
				CLANG_WARN_UNGUARDED_AVAILABILITY = YES_AGGRESSIVE;
				CLANG_WARN_UNREACHABLE_CODE = YES;
				CLANG_WARN__DUPLICATE_METHOD_MATCH = YES;
				COPY_PHASE_STRIP = NO;
				DEBUG_INFORMATION_FORMAT = dwarf;
				ENABLE_STRICT_OBJC_MSGSEND = YES;
				ENABLE_TESTABILITY = YES;
				GCC_C_LANGUAGE_STANDARD = gnu11;
				GCC_DYNAMIC_NO_PIC = NO;
				GCC_NO_COMMON_BLOCKS = YES;
				GCC_OPTIMIZATION_LEVEL = 0;
				GCC_PREPROCESSOR_DEFINITIONS = (
					"DEBUG=1",
					"$(inherited)",
				);
				GCC_WARN_64_TO_32_BIT_CONVERSION = YES;
				GCC_WARN_ABOUT_RETURN_TYPE = YES_ERROR;
				GCC_WARN_UNDECLARED_SELECTOR = YES;
				GCC_WARN_UNINITIALIZED_AUTOS = YES_AGGRESSIVE;
				GCC_WARN_UNUSED_FUNCTION = YES;
				GCC_WARN_UNUSED_VARIABLE = YES;
				IPHONEOS_DEPLOYMENT_TARGET = 16.1;
				MTL_ENABLE_DEBUG_INFO = INCLUDE_SOURCE;
				MTL_FAST_MATH = YES;
				ONLY_ACTIVE_ARCH = YES;
				SDKROOT = iphoneos;
				SWIFT_ACTIVE_COMPILATION_CONDITIONS = DEBUG;
				SWIFT_OPTIMIZATION_LEVEL = "-Onone";
			};
			name = Debug;
		};
		A111DA55295EE984005950AD /* Release */ = {
			isa = XCBuildConfiguration;
			buildSettings = {
				ALWAYS_SEARCH_USER_PATHS = NO;
				CLANG_ANALYZER_NONNULL = YES;
				CLANG_ANALYZER_NUMBER_OBJECT_CONVERSION = YES_AGGRESSIVE;
				CLANG_CXX_LANGUAGE_STANDARD = "gnu++20";
				CLANG_ENABLE_MODULES = YES;
				CLANG_ENABLE_OBJC_ARC = YES;
				CLANG_ENABLE_OBJC_WEAK = YES;
				CLANG_WARN_BLOCK_CAPTURE_AUTORELEASING = YES;
				CLANG_WARN_BOOL_CONVERSION = YES;
				CLANG_WARN_COMMA = YES;
				CLANG_WARN_CONSTANT_CONVERSION = YES;
				CLANG_WARN_DEPRECATED_OBJC_IMPLEMENTATIONS = YES;
				CLANG_WARN_DIRECT_OBJC_ISA_USAGE = YES_ERROR;
				CLANG_WARN_DOCUMENTATION_COMMENTS = YES;
				CLANG_WARN_EMPTY_BODY = YES;
				CLANG_WARN_ENUM_CONVERSION = YES;
				CLANG_WARN_INFINITE_RECURSION = YES;
				CLANG_WARN_INT_CONVERSION = YES;
				CLANG_WARN_NON_LITERAL_NULL_CONVERSION = YES;
				CLANG_WARN_OBJC_IMPLICIT_RETAIN_SELF = YES;
				CLANG_WARN_OBJC_LITERAL_CONVERSION = YES;
				CLANG_WARN_OBJC_ROOT_CLASS = YES_ERROR;
				CLANG_WARN_QUOTED_INCLUDE_IN_FRAMEWORK_HEADER = YES;
				CLANG_WARN_RANGE_LOOP_ANALYSIS = YES;
				CLANG_WARN_STRICT_PROTOTYPES = YES;
				CLANG_WARN_SUSPICIOUS_MOVE = YES;
				CLANG_WARN_UNGUARDED_AVAILABILITY = YES_AGGRESSIVE;
				CLANG_WARN_UNREACHABLE_CODE = YES;
				CLANG_WARN__DUPLICATE_METHOD_MATCH = YES;
				COPY_PHASE_STRIP = NO;
				DEBUG_INFORMATION_FORMAT = "dwarf-with-dsym";
				ENABLE_NS_ASSERTIONS = NO;
				ENABLE_STRICT_OBJC_MSGSEND = YES;
				GCC_C_LANGUAGE_STANDARD = gnu11;
				GCC_NO_COMMON_BLOCKS = YES;
				GCC_WARN_64_TO_32_BIT_CONVERSION = YES;
				GCC_WARN_ABOUT_RETURN_TYPE = YES_ERROR;
				GCC_WARN_UNDECLARED_SELECTOR = YES;
				GCC_WARN_UNINITIALIZED_AUTOS = YES_AGGRESSIVE;
				GCC_WARN_UNUSED_FUNCTION = YES;
				GCC_WARN_UNUSED_VARIABLE = YES;
				IPHONEOS_DEPLOYMENT_TARGET = 16.1;
				MTL_ENABLE_DEBUG_INFO = NO;
				MTL_FAST_MATH = YES;
				SDKROOT = iphoneos;
				SWIFT_COMPILATION_MODE = wholemodule;
				SWIFT_OPTIMIZATION_LEVEL = "-O";
				VALIDATE_PRODUCT = YES;
			};
			name = Release;
		};
		A111DA57295EE984005950AD /* Debug */ = {
			isa = XCBuildConfiguration;
			baseConfigurationReference = 2288D3BFC6966CD2F1B85F99 /* Pods-project_ios.debug.xcconfig */;
			buildSettings = {
				ASSETCATALOG_COMPILER_APPICON_NAME = AppIcon;
				ASSETCATALOG_COMPILER_GLOBAL_ACCENT_COLOR_NAME = AccentColor;
				CLANG_ENABLE_MODULES = YES;
				CODE_SIGN_STYLE = Automatic;
				CURRENT_PROJECT_VERSION = 1;
				GENERATE_INFOPLIST_FILE = YES;
				INFOPLIST_FILE = project_ios/Info.plist;
				INFOPLIST_KEY_UIApplicationSupportsIndirectInputEvents = YES;
				INFOPLIST_KEY_UILaunchStoryboardName = LaunchScreen;
				INFOPLIST_KEY_UIMainStoryboardFile = Main;
				INFOPLIST_KEY_UISupportedInterfaceOrientations_iPad = "UIInterfaceOrientationPortrait UIInterfaceOrientationPortraitUpsideDown UIInterfaceOrientationLandscapeLeft UIInterfaceOrientationLandscapeRight";
				INFOPLIST_KEY_UISupportedInterfaceOrientations_iPhone = "UIInterfaceOrientationPortrait UIInterfaceOrientationLandscapeLeft UIInterfaceOrientationLandscapeRight";
				LD_RUNPATH_SEARCH_PATHS = (
					"$(inherited)",
					"@executable_path/Frameworks",
				);
				MARKETING_VERSION = 1.0;
				PRODUCT_BUNDLE_IDENTIFIER = "PNA.project-ios";
				PRODUCT_NAME = "$(TARGET_NAME)";
				SWIFT_EMIT_LOC_STRINGS = YES;
				SWIFT_OBJC_BRIDGING_HEADER = "project_ios-Bridging-Header.h";
				SWIFT_OPTIMIZATION_LEVEL = "-Onone";
				SWIFT_VERSION = 5.0;
				TARGETED_DEVICE_FAMILY = "1,2";
			};
			name = Debug;
		};
		A111DA58295EE984005950AD /* Release */ = {
			isa = XCBuildConfiguration;
			baseConfigurationReference = 64CE682E9F7E02460E0AA9B2 /* Pods-project_ios.release.xcconfig */;
			buildSettings = {
				ASSETCATALOG_COMPILER_APPICON_NAME = AppIcon;
				ASSETCATALOG_COMPILER_GLOBAL_ACCENT_COLOR_NAME = AccentColor;
				CLANG_ENABLE_MODULES = YES;
				CODE_SIGN_STYLE = Automatic;
				CURRENT_PROJECT_VERSION = 1;
				GENERATE_INFOPLIST_FILE = YES;
				INFOPLIST_FILE = project_ios/Info.plist;
				INFOPLIST_KEY_UIApplicationSupportsIndirectInputEvents = YES;
				INFOPLIST_KEY_UILaunchStoryboardName = LaunchScreen;
				INFOPLIST_KEY_UIMainStoryboardFile = Main;
				INFOPLIST_KEY_UISupportedInterfaceOrientations_iPad = "UIInterfaceOrientationPortrait UIInterfaceOrientationPortraitUpsideDown UIInterfaceOrientationLandscapeLeft UIInterfaceOrientationLandscapeRight";
				INFOPLIST_KEY_UISupportedInterfaceOrientations_iPhone = "UIInterfaceOrientationPortrait UIInterfaceOrientationLandscapeLeft UIInterfaceOrientationLandscapeRight";
				LD_RUNPATH_SEARCH_PATHS = (
					"$(inherited)",
					"@executable_path/Frameworks",
				);
				MARKETING_VERSION = 1.0;
				PRODUCT_BUNDLE_IDENTIFIER = "PNA.project-ios";
				PRODUCT_NAME = "$(TARGET_NAME)";
				SWIFT_EMIT_LOC_STRINGS = YES;
				SWIFT_OBJC_BRIDGING_HEADER = "project_ios-Bridging-Header.h";
				SWIFT_VERSION = 5.0;
				TARGETED_DEVICE_FAMILY = "1,2";
			};
			name = Release;
		};
		A111DA5A295EE984005950AD /* Debug */ = {
			isa = XCBuildConfiguration;
			baseConfigurationReference = 0549CA936CD7A820369F8FD8 /* Pods-project_iosTests.debug.xcconfig */;
			buildSettings = {
				ALWAYS_EMBED_SWIFT_STANDARD_LIBRARIES = YES;
				BUNDLE_LOADER = "$(TEST_HOST)";
				CODE_SIGN_STYLE = Automatic;
				CURRENT_PROJECT_VERSION = 1;
				GENERATE_INFOPLIST_FILE = YES;
				IPHONEOS_DEPLOYMENT_TARGET = 16.1;
				MARKETING_VERSION = 1.0;
				PRODUCT_BUNDLE_IDENTIFIER = "PNA.project-iosTests";
				PRODUCT_NAME = "$(TARGET_NAME)";
				SWIFT_EMIT_LOC_STRINGS = NO;
				SWIFT_VERSION = 5.0;
				TARGETED_DEVICE_FAMILY = "1,2";
				TEST_HOST = "$(BUILT_PRODUCTS_DIR)/project_ios.app/$(BUNDLE_EXECUTABLE_FOLDER_PATH)/project_ios";
			};
			name = Debug;
		};
		A111DA5B295EE984005950AD /* Release */ = {
			isa = XCBuildConfiguration;
			baseConfigurationReference = 28FAAAA79D77C1FEA2F321A3 /* Pods-project_iosTests.release.xcconfig */;
			buildSettings = {
				ALWAYS_EMBED_SWIFT_STANDARD_LIBRARIES = YES;
				BUNDLE_LOADER = "$(TEST_HOST)";
				CODE_SIGN_STYLE = Automatic;
				CURRENT_PROJECT_VERSION = 1;
				GENERATE_INFOPLIST_FILE = YES;
				IPHONEOS_DEPLOYMENT_TARGET = 16.1;
				MARKETING_VERSION = 1.0;
				PRODUCT_BUNDLE_IDENTIFIER = "PNA.project-iosTests";
				PRODUCT_NAME = "$(TARGET_NAME)";
				SWIFT_EMIT_LOC_STRINGS = NO;
				SWIFT_VERSION = 5.0;
				TARGETED_DEVICE_FAMILY = "1,2";
				TEST_HOST = "$(BUILT_PRODUCTS_DIR)/project_ios.app/$(BUNDLE_EXECUTABLE_FOLDER_PATH)/project_ios";
			};
			name = Release;
		};
		A111DA5D295EE984005950AD /* Debug */ = {
			isa = XCBuildConfiguration;
			baseConfigurationReference = C6258E80AF6E984A927880F3 /* Pods-project_ios-project_iosUITests.debug.xcconfig */;
			buildSettings = {
				ALWAYS_EMBED_SWIFT_STANDARD_LIBRARIES = YES;
				CODE_SIGN_STYLE = Automatic;
				CURRENT_PROJECT_VERSION = 1;
				GENERATE_INFOPLIST_FILE = YES;
				MARKETING_VERSION = 1.0;
				PRODUCT_BUNDLE_IDENTIFIER = "PNA.project-iosUITests";
				PRODUCT_NAME = "$(TARGET_NAME)";
				SWIFT_EMIT_LOC_STRINGS = NO;
				SWIFT_VERSION = 5.0;
				TARGETED_DEVICE_FAMILY = "1,2";
				TEST_TARGET_NAME = project_ios;
			};
			name = Debug;
		};
		A111DA5E295EE984005950AD /* Release */ = {
			isa = XCBuildConfiguration;
			baseConfigurationReference = 6D99D32E888B2607B5CFDDAF /* Pods-project_ios-project_iosUITests.release.xcconfig */;
			buildSettings = {
				ALWAYS_EMBED_SWIFT_STANDARD_LIBRARIES = YES;
				CODE_SIGN_STYLE = Automatic;
				CURRENT_PROJECT_VERSION = 1;
				GENERATE_INFOPLIST_FILE = YES;
				MARKETING_VERSION = 1.0;
				PRODUCT_BUNDLE_IDENTIFIER = "PNA.project-iosUITests";
				PRODUCT_NAME = "$(TARGET_NAME)";
				SWIFT_EMIT_LOC_STRINGS = NO;
				SWIFT_VERSION = 5.0;
				TARGETED_DEVICE_FAMILY = "1,2";
				TEST_TARGET_NAME = project_ios;
			};
			name = Release;
		};
/* End XCBuildConfiguration section */

/* Begin XCConfigurationList section */
		A111DA24295EE981005950AD /* Build configuration list for PBXProject "project_ios" */ = {
			isa = XCConfigurationList;
			buildConfigurations = (
				A111DA54295EE984005950AD /* Debug */,
				A111DA55295EE984005950AD /* Release */,
			);
			defaultConfigurationIsVisible = 0;
			defaultConfigurationName = Release;
		};
		A111DA56295EE984005950AD /* Build configuration list for PBXNativeTarget "project_ios" */ = {
			isa = XCConfigurationList;
			buildConfigurations = (
				A111DA57295EE984005950AD /* Debug */,
				A111DA58295EE984005950AD /* Release */,
			);
			defaultConfigurationIsVisible = 0;
			defaultConfigurationName = Release;
		};
		A111DA59295EE984005950AD /* Build configuration list for PBXNativeTarget "project_iosTests" */ = {
			isa = XCConfigurationList;
			buildConfigurations = (
				A111DA5A295EE984005950AD /* Debug */,
				A111DA5B295EE984005950AD /* Release */,
			);
			defaultConfigurationIsVisible = 0;
			defaultConfigurationName = Release;
		};
		A111DA5C295EE984005950AD /* Build configuration list for PBXNativeTarget "project_iosUITests" */ = {
			isa = XCConfigurationList;
			buildConfigurations = (
				A111DA5D295EE984005950AD /* Debug */,
				A111DA5E295EE984005950AD /* Release */,
			);
			defaultConfigurationIsVisible = 0;
			defaultConfigurationName = Release;
		};
/* End XCConfigurationList section */

/* Begin XCVersionGroup section */
		A111DA35295EE981005950AD /* project_ios.xcdatamodeld */ = {
			isa = XCVersionGroup;
			children = (
				A111DA36295EE981005950AD /* project_ios.xcdatamodel */,
			);
			currentVersion = A111DA36295EE981005950AD /* project_ios.xcdatamodel */;
			path = project_ios.xcdatamodeld;
			sourceTree = "<group>";
			versionGroupType = wrapper.xcdatamodel;
		};
/* End XCVersionGroup section */
	};
	rootObject = A111DA21295EE981005950AD /* Project object */;
}
