// !$*UTF8*$!
{
	archiveVersion = 1;
	classes = {
	};
	objectVersion = 56;
	objects = {

/* Begin PBXBuildFile section */
		0633DBF129E85CBC00AD74F8 /* map_data.json in Resources */ = {isa = PBXBuildFile; fileRef = 0633DBEE29E85CBC00AD74F8 /* map_data.json */; };
		0633DBF229E85CBC00AD74F8 /* tables.json in Resources */ = {isa = PBXBuildFile; fileRef = 0633DBEF29E85CBC00AD74F8 /* tables.json */; };
		0633DBF329E85CBC00AD74F8 /* PNA.db in Resources */ = {isa = PBXBuildFile; fileRef = 0633DBF029E85CBC00AD74F8 /* PNA.db */; };
		0633DC4829E85CD300AD74F8 /* PDKeychainBindingsController.m in Sources */ = {isa = PBXBuildFile; fileRef = 0633DBF529E85CD300AD74F8 /* PDKeychainBindingsController.m */; };
		0633DC5D29E85CD300AD74F8 /* PDKeychainBindings.m in Sources */ = {isa = PBXBuildFile; fileRef = 0633DC2329E85CD300AD74F8 /* PDKeychainBindings.m */; };
		066C1C3C29EB8C4B0055D87F /* CTCDepthScrollView.m in Sources */ = {isa = PBXBuildFile; fileRef = 066C1C1B29EB8C4B0055D87F /* CTCDepthScrollView.m */; };
		066C1C3D29EB8C4B0055D87F /* CTCVideo.m in Sources */ = {isa = PBXBuildFile; fileRef = 066C1C1D29EB8C4B0055D87F /* CTCVideo.m */; };
		066C1C3E29EB8C4B0055D87F /* CTCCircleChart.m in Sources */ = {isa = PBXBuildFile; fileRef = 066C1C1E29EB8C4B0055D87F /* CTCCircleChart.m */; };
		066C1C3F29EB8C4B0055D87F /* CTCSwitch.m in Sources */ = {isa = PBXBuildFile; fileRef = 066C1C1F29EB8C4B0055D87F /* CTCSwitch.m */; };
		066C1C4029EB8C4B0055D87F /* CTCTextField.m in Sources */ = {isa = PBXBuildFile; fileRef = 066C1C2329EB8C4B0055D87F /* CTCTextField.m */; };
		066C1C4129EB8C4B0055D87F /* CTCSlider.m in Sources */ = {isa = PBXBuildFile; fileRef = 066C1C2629EB8C4B0055D87F /* CTCSlider.m */; };
		066C1C4229EB8C4B0055D87F /* CTCButton.m in Sources */ = {isa = PBXBuildFile; fileRef = 066C1C2729EB8C4B0055D87F /* CTCButton.m */; };
		066C1C4329EB8C4B0055D87F /* RadialGradientView.m in Sources */ = {isa = PBXBuildFile; fileRef = 066C1C2B29EB8C4B0055D87F /* RadialGradientView.m */; };
		066C1C4429EB8C4B0055D87F /* CTCView.m in Sources */ = {isa = PBXBuildFile; fileRef = 066C1C2F29EB8C4B0055D87F /* CTCView.m */; };
		066C1C4529EB8C4B0055D87F /* CTCSlideIndicate.m in Sources */ = {isa = PBXBuildFile; fileRef = 066C1C3029EB8C4B0055D87F /* CTCSlideIndicate.m */; };
		066C1C4629EB8C4B0055D87F /* CTCLabel.m in Sources */ = {isa = PBXBuildFile; fileRef = 066C1C3229EB8C4B0055D87F /* CTCLabel.m */; };
		066C1C4729EB8C4B0055D87F /* CTCWKWebView.m in Sources */ = {isa = PBXBuildFile; fileRef = 066C1C3429EB8C4B0055D87F /* CTCWKWebView.m */; };
		066C1C4829EB8C4B0055D87F /* CTCArcChart.m in Sources */ = {isa = PBXBuildFile; fileRef = 066C1C3529EB8C4B0055D87F /* CTCArcChart.m */; };
		066C1C4929EB8C4B0055D87F /* CTCPageDot.m in Sources */ = {isa = PBXBuildFile; fileRef = 066C1C3729EB8C4B0055D87F /* CTCPageDot.m */; };
		066C1C4A29EB8C4B0055D87F /* CTCImageView.m in Sources */ = {isa = PBXBuildFile; fileRef = 066C1C3829EB8C4B0055D87F /* CTCImageView.m */; };
		066C1C4B29EB8C4B0055D87F /* CTCLineChart.m in Sources */ = {isa = PBXBuildFile; fileRef = 066C1C3929EB8C4B0055D87F /* CTCLineChart.m */; };
		066C1C4C29EB8C4B0055D87F /* CTCProgressBar.m in Sources */ = {isa = PBXBuildFile; fileRef = 066C1C3A29EB8C4B0055D87F /* CTCProgressBar.m */; };
		066C1C7229EB8C830055D87F /* CTHHelper.m in Sources */ = {isa = PBXBuildFile; fileRef = 066C1C5F29EB8C830055D87F /* CTHHelper.m */; };
		066C1C7329EB8C830055D87F /* CTHFont.m in Sources */ = {isa = PBXBuildFile; fileRef = 066C1C6029EB8C830055D87F /* CTHFont.m */; };
		066C1C7B29EB8CB40055D87F /* CTHPlatform.m in Sources */ = {isa = PBXBuildFile; fileRef = 066C1C7A29EB8CB40055D87F /* CTHPlatform.m */; };
		066C1C7E29EB8CC40055D87F /* CTHLanguage.m in Sources */ = {isa = PBXBuildFile; fileRef = 066C1C7C29EB8CC40055D87F /* CTHLanguage.m */; };
		066C1C8129EB8CE40055D87F /* CTHUserDefined.m in Sources */ = {isa = PBXBuildFile; fileRef = 066C1C8029EB8CE40055D87F /* CTHUserDefined.m */; };
		066C1C8429EB8D250055D87F /* CTHCache.m in Sources */ = {isa = PBXBuildFile; fileRef = 066C1C8329EB8D250055D87F /* CTHCache.m */; };
		066C1C8729EB8D5C0055D87F /* CTHJson.m in Sources */ = {isa = PBXBuildFile; fileRef = 066C1C8629EB8D5C0055D87F /* CTHJson.m */; };
		066C1C9929EB8EBC0055D87F /* CTHCamera.m in Sources */ = {isa = PBXBuildFile; fileRef = 066C1C9629EB8EBC0055D87F /* CTHCamera.m */; };
		066C1C9A29EB8EBC0055D87F /* CTHCoreData.m in Sources */ = {isa = PBXBuildFile; fileRef = 066C1C9829EB8EBC0055D87F /* CTHCoreData.m */; };
		066C1C9D29EB8EE90055D87F /* CTHDownload.m in Sources */ = {isa = PBXBuildFile; fileRef = 066C1C9B29EB8EE90055D87F /* CTHDownload.m */; };
		066C1CA029EB8F2C0055D87F /* CTHDGActivityIndicator.m in Sources */ = {isa = PBXBuildFile; fileRef = 066C1C9F29EB8F2C0055D87F /* CTHDGActivityIndicator.m */; };
		066C1CAA29EB8FF40055D87F /* CTHDialog.m in Sources */ = {isa = PBXBuildFile; fileRef = 066C1CA929EB8FF40055D87F /* CTHDialog.m */; };
		066C1CB429EB90140055D87F /* CTHSqlite.m in Sources */ = {isa = PBXBuildFile; fileRef = 066C1CAC29EB90140055D87F /* CTHSqlite.m */; };
		066C1CB529EB90140055D87F /* CTHBaseConnection.m in Sources */ = {isa = PBXBuildFile; fileRef = 066C1CB029EB90140055D87F /* CTHBaseConnection.m */; };
		066C1CB629EB90140055D87F /* CTHBaseApi.m in Sources */ = {isa = PBXBuildFile; fileRef = 066C1CB229EB90140055D87F /* CTHBaseApi.m */; };
		066C1CB729EB90140055D87F /* CTHConnection.m in Sources */ = {isa = PBXBuildFile; fileRef = 066C1CB329EB90140055D87F /* CTHConnection.m */; };
		066C1CD529EB90A90055D87F /* Global.swift in Sources */ = {isa = PBXBuildFile; fileRef = 066C1CBA29EB90A90055D87F /* Global.swift */; };
		066C1CD629EB90A90055D87F /* UtilsAppSetting.swift in Sources */ = {isa = PBXBuildFile; fileRef = 066C1CBB29EB90A90055D87F /* UtilsAppSetting.swift */; };
		066C1CD729EB90A90055D87F /* SwiftTutorial.swift in Sources */ = {isa = PBXBuildFile; fileRef = 066C1CBC29EB90A90055D87F /* SwiftTutorial.swift */; };
		066C1CD829EB90A90055D87F /* UtilsCrypto.swift in Sources */ = {isa = PBXBuildFile; fileRef = 066C1CBD29EB90A90055D87F /* UtilsCrypto.swift */; };
		066C1CD929EB90A90055D87F /* UtilsCoreData.swift in Sources */ = {isa = PBXBuildFile; fileRef = 066C1CBE29EB90A90055D87F /* UtilsCoreData.swift */; };
		066C1CDA29EB90A90055D87F /* UtilsKeychain.swift in Sources */ = {isa = PBXBuildFile; fileRef = 066C1CBF29EB90A90055D87F /* UtilsKeychain.swift */; };
		066C1CDB29EB90A90055D87F /* UtilsDownload.swift in Sources */ = {isa = PBXBuildFile; fileRef = 066C1CC029EB90A90055D87F /* UtilsDownload.swift */; };
		066C1CDC29EB90A90055D87F /* UtilsPhotoGallery.swift in Sources */ = {isa = PBXBuildFile; fileRef = 066C1CC129EB90A90055D87F /* UtilsPhotoGallery.swift */; };
		066C1CDD29EB90A90055D87F /* UtilsLog.swift in Sources */ = {isa = PBXBuildFile; fileRef = 066C1CC229EB90A90055D87F /* UtilsLog.swift */; };
		066C1CDE29EB90A90055D87F /* UtilsValidation.swift in Sources */ = {isa = PBXBuildFile; fileRef = 066C1CC329EB90A90055D87F /* UtilsValidation.swift */; };
		066C1CDF29EB90A90055D87F /* ExtensionUIDevice.swift in Sources */ = {isa = PBXBuildFile; fileRef = 066C1CC529EB90A90055D87F /* ExtensionUIDevice.swift */; };
		066C1CE029EB90A90055D87F /* ExtensionUIButton.swift in Sources */ = {isa = PBXBuildFile; fileRef = 066C1CC629EB90A90055D87F /* ExtensionUIButton.swift */; };
		066C1CE129EB90A90055D87F /* ExtensionUIFont.swift in Sources */ = {isa = PBXBuildFile; fileRef = 066C1CC729EB90A90055D87F /* ExtensionUIFont.swift */; };
		066C1CE229EB90A90055D87F /* ExtensionString.swift in Sources */ = {isa = PBXBuildFile; fileRef = 066C1CC829EB90A90055D87F /* ExtensionString.swift */; };
		066C1CE329EB90A90055D87F /* ExtensionUILabel.swift in Sources */ = {isa = PBXBuildFile; fileRef = 066C1CC929EB90A90055D87F /* ExtensionUILabel.swift */; };
		066C1CE429EB90A90055D87F /* ExtensionUIViewController.swift in Sources */ = {isa = PBXBuildFile; fileRef = 066C1CCA29EB90A90055D87F /* ExtensionUIViewController.swift */; };
		066C1CE529EB90A90055D87F /* LanguageService.swift in Sources */ = {isa = PBXBuildFile; fileRef = 066C1CCC29EB90A90055D87F /* LanguageService.swift */; };
		066C1CE629EB90A90055D87F /* ConnectService.swift in Sources */ = {isa = PBXBuildFile; fileRef = 066C1CCD29EB90A90055D87F /* ConnectService.swift */; };
		066C1CE729EB90A90055D87F /* SQLiteService.swift in Sources */ = {isa = PBXBuildFile; fileRef = 066C1CCE29EB90A90055D87F /* SQLiteService.swift */; };
		066C1CE829EB90A90055D87F /* AlamofireService.swift in Sources */ = {isa = PBXBuildFile; fileRef = 066C1CCF29EB90A90055D87F /* AlamofireService.swift */; };
		066C1CE929EB90A90055D87F /* DownloadService.swift in Sources */ = {isa = PBXBuildFile; fileRef = 066C1CD029EB90A90055D87F /* DownloadService.swift */; };
		0679FF4329E39886008CCD4A /* AppDelegate.swift in Sources */ = {isa = PBXBuildFile; fileRef = 0679FF4229E39886008CCD4A /* AppDelegate.swift */; };
		0679FF4529E39886008CCD4A /* SceneDelegate.swift in Sources */ = {isa = PBXBuildFile; fileRef = 0679FF4429E39886008CCD4A /* SceneDelegate.swift */; };
		0679FF4729E39886008CCD4A /* ViewController.swift in Sources */ = {isa = PBXBuildFile; fileRef = 0679FF4629E39886008CCD4A /* ViewController.swift */; };
		0679FF4A29E39887008CCD4A /* Main.storyboard in Resources */ = {isa = PBXBuildFile; fileRef = 0679FF4829E39887008CCD4A /* Main.storyboard */; };
		0679FF4D29E39887008CCD4A /* project_ios.xcdatamodeld in Sources */ = {isa = PBXBuildFile; fileRef = 0679FF4B29E39887008CCD4A /* project_ios.xcdatamodeld */; };
		0679FF4F29E39887008CCD4A /* Assets.xcassets in Resources */ = {isa = PBXBuildFile; fileRef = 0679FF4E29E39887008CCD4A /* Assets.xcassets */; };
		0679FF5229E39887008CCD4A /* LaunchScreen.storyboard in Resources */ = {isa = PBXBuildFile; fileRef = 0679FF5029E39887008CCD4A /* LaunchScreen.storyboard */; };
		0679FF5D29E39887008CCD4A /* project_iosTests.swift in Sources */ = {isa = PBXBuildFile; fileRef = 0679FF5C29E39887008CCD4A /* project_iosTests.swift */; };
		0679FF6729E39887008CCD4A /* project_iosUITests.swift in Sources */ = {isa = PBXBuildFile; fileRef = 0679FF6629E39887008CCD4A /* project_iosUITests.swift */; };
		0679FF6929E39887008CCD4A /* project_iosUITestsLaunchTests.swift in Sources */ = {isa = PBXBuildFile; fileRef = 0679FF6829E39887008CCD4A /* project_iosUITestsLaunchTests.swift */; };
		06C1B00429E8524200EE2CA2 /* CoreData.framework in Frameworks */ = {isa = PBXBuildFile; fileRef = 06C1B00329E8524200EE2CA2 /* CoreData.framework */; };
		06C1B00629E8524A00EE2CA2 /* CoreMedia.framework in Frameworks */ = {isa = PBXBuildFile; fileRef = 06C1B00529E8524A00EE2CA2 /* CoreMedia.framework */; };
		5E8746736D4BA2D77A6CCF39 /* Pods_project_ios.framework in Frameworks */ = {isa = PBXBuildFile; fileRef = 93CA876DC1C395FC4E73672E /* Pods_project_ios.framework */; };
		AB2572F235052AF861764ED5 /* Pods_project_ios_project_iosUITests.framework in Frameworks */ = {isa = PBXBuildFile; fileRef = 2E51CF9569B7572A4FF92BB0 /* Pods_project_ios_project_iosUITests.framework */; };
		E8001FBF607087EAA5076086 /* Pods_project_iosTests.framework in Frameworks */ = {isa = PBXBuildFile; fileRef = 24EEADDF1DC69E60F2342A99 /* Pods_project_iosTests.framework */; };
/* End PBXBuildFile section */

/* Begin PBXContainerItemProxy section */
		0679FF5929E39887008CCD4A /* PBXContainerItemProxy */ = {
			isa = PBXContainerItemProxy;
			containerPortal = 0679FF3729E39886008CCD4A /* Project object */;
			proxyType = 1;
			remoteGlobalIDString = 0679FF3E29E39886008CCD4A;
			remoteInfo = project_ios;
		};
		0679FF6329E39887008CCD4A /* PBXContainerItemProxy */ = {
			isa = PBXContainerItemProxy;
			containerPortal = 0679FF3729E39886008CCD4A /* Project object */;
			proxyType = 1;
			remoteGlobalIDString = 0679FF3E29E39886008CCD4A;
			remoteInfo = project_ios;
		};
/* End PBXContainerItemProxy section */

/* Begin PBXFileReference section */
		0633DBE829E85BE600AD74F8 /* Swift-Bridging-Header.h */ = {isa = PBXFileReference; lastKnownFileType = sourcecode.c.h; path = "Swift-Bridging-Header.h"; sourceTree = "<group>"; };
		0633DBEE29E85CBC00AD74F8 /* map_data.json */ = {isa = PBXFileReference; fileEncoding = 4; lastKnownFileType = text.json; path = map_data.json; sourceTree = "<group>"; };
		0633DBEF29E85CBC00AD74F8 /* tables.json */ = {isa = PBXFileReference; fileEncoding = 4; lastKnownFileType = text.json; path = tables.json; sourceTree = "<group>"; };
		0633DBF029E85CBC00AD74F8 /* PNA.db */ = {isa = PBXFileReference; lastKnownFileType = file; path = PNA.db; sourceTree = "<group>"; };
		0633DBF529E85CD300AD74F8 /* PDKeychainBindingsController.m */ = {isa = PBXFileReference; fileEncoding = 4; lastKnownFileType = sourcecode.c.objc; path = PDKeychainBindingsController.m; sourceTree = "<group>"; };
		0633DBF629E85CD300AD74F8 /* PDKeychainBindings.h */ = {isa = PBXFileReference; fileEncoding = 4; lastKnownFileType = sourcecode.c.h; path = PDKeychainBindings.h; sourceTree = "<group>"; };
		0633DBF729E85CD300AD74F8 /* Constant.h */ = {isa = PBXFileReference; fileEncoding = 4; lastKnownFileType = sourcecode.c.h; path = Constant.h; sourceTree = "<group>"; };
		0633DC1B29E85CD300AD74F8 /* PDKeychainBindingsController.h */ = {isa = PBXFileReference; fileEncoding = 4; lastKnownFileType = sourcecode.c.h; path = PDKeychainBindingsController.h; sourceTree = "<group>"; };
		0633DC2329E85CD300AD74F8 /* PDKeychainBindings.m */ = {isa = PBXFileReference; fileEncoding = 4; lastKnownFileType = sourcecode.c.objc; path = PDKeychainBindings.m; sourceTree = "<group>"; };
		0633DC6D29E85FD300AD74F8 /* libsqlite3.tbd */ = {isa = PBXFileReference; lastKnownFileType = "sourcecode.text-based-dylib-definition"; name = libsqlite3.tbd; path = usr/lib/libsqlite3.tbd; sourceTree = SDKROOT; };
		066C1C1A29EB8C4B0055D87F /* CTCSlideIndicate.h */ = {isa = PBXFileReference; fileEncoding = 4; lastKnownFileType = sourcecode.c.h; path = CTCSlideIndicate.h; sourceTree = "<group>"; };
		066C1C1B29EB8C4B0055D87F /* CTCDepthScrollView.m */ = {isa = PBXFileReference; fileEncoding = 4; lastKnownFileType = sourcecode.c.objc; path = CTCDepthScrollView.m; sourceTree = "<group>"; };
		066C1C1C29EB8C4B0055D87F /* CTCView.h */ = {isa = PBXFileReference; fileEncoding = 4; lastKnownFileType = sourcecode.c.h; path = CTCView.h; sourceTree = "<group>"; };
		066C1C1D29EB8C4B0055D87F /* CTCVideo.m */ = {isa = PBXFileReference; fileEncoding = 4; lastKnownFileType = sourcecode.c.objc; path = CTCVideo.m; sourceTree = "<group>"; };
		066C1C1E29EB8C4B0055D87F /* CTCCircleChart.m */ = {isa = PBXFileReference; fileEncoding = 4; lastKnownFileType = sourcecode.c.objc; path = CTCCircleChart.m; sourceTree = "<group>"; };
		066C1C1F29EB8C4B0055D87F /* CTCSwitch.m */ = {isa = PBXFileReference; fileEncoding = 4; lastKnownFileType = sourcecode.c.objc; path = CTCSwitch.m; sourceTree = "<group>"; };
		066C1C2029EB8C4B0055D87F /* RadialGradientView.h */ = {isa = PBXFileReference; fileEncoding = 4; lastKnownFileType = sourcecode.c.h; path = RadialGradientView.h; sourceTree = "<group>"; };
		066C1C2129EB8C4B0055D87F /* CTCArcChart.h */ = {isa = PBXFileReference; fileEncoding = 4; lastKnownFileType = sourcecode.c.h; path = CTCArcChart.h; sourceTree = "<group>"; };
		066C1C2229EB8C4B0055D87F /* CTCWKWebView.h */ = {isa = PBXFileReference; fileEncoding = 4; lastKnownFileType = sourcecode.c.h; path = CTCWKWebView.h; sourceTree = "<group>"; };
		066C1C2329EB8C4B0055D87F /* CTCTextField.m */ = {isa = PBXFileReference; fileEncoding = 4; lastKnownFileType = sourcecode.c.objc; path = CTCTextField.m; sourceTree = "<group>"; };
		066C1C2429EB8C4B0055D87F /* CTCLabel.h */ = {isa = PBXFileReference; fileEncoding = 4; lastKnownFileType = sourcecode.c.h; path = CTCLabel.h; sourceTree = "<group>"; };
		066C1C2529EB8C4B0055D87F /* CTCPageDot.h */ = {isa = PBXFileReference; fileEncoding = 4; lastKnownFileType = sourcecode.c.h; path = CTCPageDot.h; sourceTree = "<group>"; };
		066C1C2629EB8C4B0055D87F /* CTCSlider.m */ = {isa = PBXFileReference; fileEncoding = 4; lastKnownFileType = sourcecode.c.objc; path = CTCSlider.m; sourceTree = "<group>"; };
		066C1C2729EB8C4B0055D87F /* CTCButton.m */ = {isa = PBXFileReference; fileEncoding = 4; lastKnownFileType = sourcecode.c.objc; path = CTCButton.m; sourceTree = "<group>"; };
		066C1C2829EB8C4B0055D87F /* CTCProgressBar.h */ = {isa = PBXFileReference; fileEncoding = 4; lastKnownFileType = sourcecode.c.h; path = CTCProgressBar.h; sourceTree = "<group>"; };
		066C1C2929EB8C4B0055D87F /* CTCImageView.h */ = {isa = PBXFileReference; fileEncoding = 4; lastKnownFileType = sourcecode.c.h; path = CTCImageView.h; sourceTree = "<group>"; };
		066C1C2A29EB8C4B0055D87F /* CTCLineChart.h */ = {isa = PBXFileReference; fileEncoding = 4; lastKnownFileType = sourcecode.c.h; path = CTCLineChart.h; sourceTree = "<group>"; };
		066C1C2B29EB8C4B0055D87F /* RadialGradientView.m */ = {isa = PBXFileReference; fileEncoding = 4; lastKnownFileType = sourcecode.c.objc; path = RadialGradientView.m; sourceTree = "<group>"; };
		066C1C2C29EB8C4B0055D87F /* CTCSwitch.h */ = {isa = PBXFileReference; fileEncoding = 4; lastKnownFileType = sourcecode.c.h; path = CTCSwitch.h; sourceTree = "<group>"; };
		066C1C2D29EB8C4B0055D87F /* CTCCircleChart.h */ = {isa = PBXFileReference; fileEncoding = 4; lastKnownFileType = sourcecode.c.h; path = CTCCircleChart.h; sourceTree = "<group>"; };
		066C1C2E29EB8C4B0055D87F /* CTCVideo.h */ = {isa = PBXFileReference; fileEncoding = 4; lastKnownFileType = sourcecode.c.h; path = CTCVideo.h; sourceTree = "<group>"; };
		066C1C2F29EB8C4B0055D87F /* CTCView.m */ = {isa = PBXFileReference; fileEncoding = 4; lastKnownFileType = sourcecode.c.objc; path = CTCView.m; sourceTree = "<group>"; };
		066C1C3029EB8C4B0055D87F /* CTCSlideIndicate.m */ = {isa = PBXFileReference; fileEncoding = 4; lastKnownFileType = sourcecode.c.objc; path = CTCSlideIndicate.m; sourceTree = "<group>"; };
		066C1C3129EB8C4B0055D87F /* CTCDepthScrollView.h */ = {isa = PBXFileReference; fileEncoding = 4; lastKnownFileType = sourcecode.c.h; path = CTCDepthScrollView.h; sourceTree = "<group>"; };
		066C1C3229EB8C4B0055D87F /* CTCLabel.m */ = {isa = PBXFileReference; fileEncoding = 4; lastKnownFileType = sourcecode.c.objc; path = CTCLabel.m; sourceTree = "<group>"; };
		066C1C3329EB8C4B0055D87F /* CTCTextField.h */ = {isa = PBXFileReference; fileEncoding = 4; lastKnownFileType = sourcecode.c.h; path = CTCTextField.h; sourceTree = "<group>"; };
		066C1C3429EB8C4B0055D87F /* CTCWKWebView.m */ = {isa = PBXFileReference; fileEncoding = 4; lastKnownFileType = sourcecode.c.objc; path = CTCWKWebView.m; sourceTree = "<group>"; };
		066C1C3529EB8C4B0055D87F /* CTCArcChart.m */ = {isa = PBXFileReference; fileEncoding = 4; lastKnownFileType = sourcecode.c.objc; path = CTCArcChart.m; sourceTree = "<group>"; };
		066C1C3629EB8C4B0055D87F /* CTCSlider.h */ = {isa = PBXFileReference; fileEncoding = 4; lastKnownFileType = sourcecode.c.h; path = CTCSlider.h; sourceTree = "<group>"; };
		066C1C3729EB8C4B0055D87F /* CTCPageDot.m */ = {isa = PBXFileReference; fileEncoding = 4; lastKnownFileType = sourcecode.c.objc; path = CTCPageDot.m; sourceTree = "<group>"; };
		066C1C3829EB8C4B0055D87F /* CTCImageView.m */ = {isa = PBXFileReference; fileEncoding = 4; lastKnownFileType = sourcecode.c.objc; path = CTCImageView.m; sourceTree = "<group>"; };
		066C1C3929EB8C4B0055D87F /* CTCLineChart.m */ = {isa = PBXFileReference; fileEncoding = 4; lastKnownFileType = sourcecode.c.objc; path = CTCLineChart.m; sourceTree = "<group>"; };
		066C1C3A29EB8C4B0055D87F /* CTCProgressBar.m */ = {isa = PBXFileReference; fileEncoding = 4; lastKnownFileType = sourcecode.c.objc; path = CTCProgressBar.m; sourceTree = "<group>"; };
		066C1C3B29EB8C4B0055D87F /* CTCButton.h */ = {isa = PBXFileReference; fileEncoding = 4; lastKnownFileType = sourcecode.c.h; path = CTCButton.h; sourceTree = "<group>"; };
		066C1C5129EB8C830055D87F /* CTHFont.h */ = {isa = PBXFileReference; fileEncoding = 4; lastKnownFileType = sourcecode.c.h; path = CTHFont.h; sourceTree = "<group>"; };
		066C1C5529EB8C830055D87F /* CTHHelper.h */ = {isa = PBXFileReference; fileEncoding = 4; lastKnownFileType = sourcecode.c.h; path = CTHHelper.h; sourceTree = "<group>"; };
		066C1C5F29EB8C830055D87F /* CTHHelper.m */ = {isa = PBXFileReference; fileEncoding = 4; lastKnownFileType = sourcecode.c.objc; path = CTHHelper.m; sourceTree = "<group>"; };
		066C1C6029EB8C830055D87F /* CTHFont.m */ = {isa = PBXFileReference; fileEncoding = 4; lastKnownFileType = sourcecode.c.objc; path = CTHFont.m; sourceTree = "<group>"; };
		066C1C7929EB8CB40055D87F /* CTHPlatform.h */ = {isa = PBXFileReference; fileEncoding = 4; lastKnownFileType = sourcecode.c.h; path = CTHPlatform.h; sourceTree = "<group>"; };
		066C1C7A29EB8CB40055D87F /* CTHPlatform.m */ = {isa = PBXFileReference; fileEncoding = 4; lastKnownFileType = sourcecode.c.objc; path = CTHPlatform.m; sourceTree = "<group>"; };
		066C1C7C29EB8CC40055D87F /* CTHLanguage.m */ = {isa = PBXFileReference; fileEncoding = 4; lastKnownFileType = sourcecode.c.objc; path = CTHLanguage.m; sourceTree = "<group>"; };
		066C1C7D29EB8CC40055D87F /* CTHLanguage.h */ = {isa = PBXFileReference; fileEncoding = 4; lastKnownFileType = sourcecode.c.h; path = CTHLanguage.h; sourceTree = "<group>"; };
		066C1C7F29EB8CE40055D87F /* CTHUserDefined.h */ = {isa = PBXFileReference; fileEncoding = 4; lastKnownFileType = sourcecode.c.h; path = CTHUserDefined.h; sourceTree = "<group>"; };
		066C1C8029EB8CE40055D87F /* CTHUserDefined.m */ = {isa = PBXFileReference; fileEncoding = 4; lastKnownFileType = sourcecode.c.objc; path = CTHUserDefined.m; sourceTree = "<group>"; };
		066C1C8229EB8D250055D87F /* CTHCache.h */ = {isa = PBXFileReference; fileEncoding = 4; lastKnownFileType = sourcecode.c.h; path = CTHCache.h; sourceTree = "<group>"; };
		066C1C8329EB8D250055D87F /* CTHCache.m */ = {isa = PBXFileReference; fileEncoding = 4; lastKnownFileType = sourcecode.c.objc; path = CTHCache.m; sourceTree = "<group>"; };
		066C1C8529EB8D5C0055D87F /* CTHJson.h */ = {isa = PBXFileReference; fileEncoding = 4; lastKnownFileType = sourcecode.c.h; path = CTHJson.h; sourceTree = "<group>"; };
		066C1C8629EB8D5C0055D87F /* CTHJson.m */ = {isa = PBXFileReference; fileEncoding = 4; lastKnownFileType = sourcecode.c.objc; path = CTHJson.m; sourceTree = "<group>"; };
		066C1C9529EB8EBC0055D87F /* CTHCamera.h */ = {isa = PBXFileReference; fileEncoding = 4; lastKnownFileType = sourcecode.c.h; path = CTHCamera.h; sourceTree = "<group>"; };
		066C1C9629EB8EBC0055D87F /* CTHCamera.m */ = {isa = PBXFileReference; fileEncoding = 4; lastKnownFileType = sourcecode.c.objc; path = CTHCamera.m; sourceTree = "<group>"; };
		066C1C9729EB8EBC0055D87F /* CTHCoreData.h */ = {isa = PBXFileReference; fileEncoding = 4; lastKnownFileType = sourcecode.c.h; path = CTHCoreData.h; sourceTree = "<group>"; };
		066C1C9829EB8EBC0055D87F /* CTHCoreData.m */ = {isa = PBXFileReference; fileEncoding = 4; lastKnownFileType = sourcecode.c.objc; path = CTHCoreData.m; sourceTree = "<group>"; };
		066C1C9B29EB8EE90055D87F /* CTHDownload.m */ = {isa = PBXFileReference; fileEncoding = 4; lastKnownFileType = sourcecode.c.objc; path = CTHDownload.m; sourceTree = "<group>"; };
		066C1C9C29EB8EE90055D87F /* CTHDownload.h */ = {isa = PBXFileReference; fileEncoding = 4; lastKnownFileType = sourcecode.c.h; path = CTHDownload.h; sourceTree = "<group>"; };
		066C1C9E29EB8F2C0055D87F /* CTHDGActivityIndicator.h */ = {isa = PBXFileReference; fileEncoding = 4; lastKnownFileType = sourcecode.c.h; path = CTHDGActivityIndicator.h; sourceTree = "<group>"; };
		066C1C9F29EB8F2C0055D87F /* CTHDGActivityIndicator.m */ = {isa = PBXFileReference; fileEncoding = 4; lastKnownFileType = sourcecode.c.objc; path = CTHDGActivityIndicator.m; sourceTree = "<group>"; };
		066C1CA829EB8FF40055D87F /* CTHDialog.h */ = {isa = PBXFileReference; fileEncoding = 4; lastKnownFileType = sourcecode.c.h; path = CTHDialog.h; sourceTree = "<group>"; };
		066C1CA929EB8FF40055D87F /* CTHDialog.m */ = {isa = PBXFileReference; fileEncoding = 4; lastKnownFileType = sourcecode.c.objc; path = CTHDialog.m; sourceTree = "<group>"; };
		066C1CAC29EB90140055D87F /* CTHSqlite.m */ = {isa = PBXFileReference; fileEncoding = 4; lastKnownFileType = sourcecode.c.objc; path = CTHSqlite.m; sourceTree = "<group>"; };
		066C1CAD29EB90140055D87F /* CTHBaseConnection.h */ = {isa = PBXFileReference; fileEncoding = 4; lastKnownFileType = sourcecode.c.h; path = CTHBaseConnection.h; sourceTree = "<group>"; };
		066C1CAE29EB90140055D87F /* CTHBaseApi.h */ = {isa = PBXFileReference; fileEncoding = 4; lastKnownFileType = sourcecode.c.h; path = CTHBaseApi.h; sourceTree = "<group>"; };
		066C1CAF29EB90140055D87F /* CTHConnection.h */ = {isa = PBXFileReference; fileEncoding = 4; lastKnownFileType = sourcecode.c.h; path = CTHConnection.h; sourceTree = "<group>"; };
		066C1CB029EB90140055D87F /* CTHBaseConnection.m */ = {isa = PBXFileReference; fileEncoding = 4; lastKnownFileType = sourcecode.c.objc; path = CTHBaseConnection.m; sourceTree = "<group>"; };
		066C1CB129EB90140055D87F /* CTHSqlite.h */ = {isa = PBXFileReference; fileEncoding = 4; lastKnownFileType = sourcecode.c.h; path = CTHSqlite.h; sourceTree = "<group>"; };
		066C1CB229EB90140055D87F /* CTHBaseApi.m */ = {isa = PBXFileReference; fileEncoding = 4; lastKnownFileType = sourcecode.c.objc; path = CTHBaseApi.m; sourceTree = "<group>"; };
		066C1CB329EB90140055D87F /* CTHConnection.m */ = {isa = PBXFileReference; fileEncoding = 4; lastKnownFileType = sourcecode.c.objc; path = CTHConnection.m; sourceTree = "<group>"; };
		066C1CBA29EB90A90055D87F /* Global.swift */ = {isa = PBXFileReference; fileEncoding = 4; lastKnownFileType = sourcecode.swift; path = Global.swift; sourceTree = "<group>"; };
		066C1CBB29EB90A90055D87F /* UtilsAppSetting.swift */ = {isa = PBXFileReference; fileEncoding = 4; lastKnownFileType = sourcecode.swift; path = UtilsAppSetting.swift; sourceTree = "<group>"; };
		066C1CBC29EB90A90055D87F /* SwiftTutorial.swift */ = {isa = PBXFileReference; fileEncoding = 4; lastKnownFileType = sourcecode.swift; path = SwiftTutorial.swift; sourceTree = "<group>"; };
		066C1CBD29EB90A90055D87F /* UtilsCrypto.swift */ = {isa = PBXFileReference; fileEncoding = 4; lastKnownFileType = sourcecode.swift; path = UtilsCrypto.swift; sourceTree = "<group>"; };
		066C1CBE29EB90A90055D87F /* UtilsCoreData.swift */ = {isa = PBXFileReference; fileEncoding = 4; lastKnownFileType = sourcecode.swift; path = UtilsCoreData.swift; sourceTree = "<group>"; };
		066C1CBF29EB90A90055D87F /* UtilsKeychain.swift */ = {isa = PBXFileReference; fileEncoding = 4; lastKnownFileType = sourcecode.swift; path = UtilsKeychain.swift; sourceTree = "<group>"; };
		066C1CC029EB90A90055D87F /* UtilsDownload.swift */ = {isa = PBXFileReference; fileEncoding = 4; lastKnownFileType = sourcecode.swift; path = UtilsDownload.swift; sourceTree = "<group>"; };
		066C1CC129EB90A90055D87F /* UtilsPhotoGallery.swift */ = {isa = PBXFileReference; fileEncoding = 4; lastKnownFileType = sourcecode.swift; path = UtilsPhotoGallery.swift; sourceTree = "<group>"; };
		066C1CC229EB90A90055D87F /* UtilsLog.swift */ = {isa = PBXFileReference; fileEncoding = 4; lastKnownFileType = sourcecode.swift; path = UtilsLog.swift; sourceTree = "<group>"; };
		066C1CC329EB90A90055D87F /* UtilsValidation.swift */ = {isa = PBXFileReference; fileEncoding = 4; lastKnownFileType = sourcecode.swift; path = UtilsValidation.swift; sourceTree = "<group>"; };
		066C1CC529EB90A90055D87F /* ExtensionUIDevice.swift */ = {isa = PBXFileReference; fileEncoding = 4; lastKnownFileType = sourcecode.swift; path = ExtensionUIDevice.swift; sourceTree = "<group>"; };
		066C1CC629EB90A90055D87F /* ExtensionUIButton.swift */ = {isa = PBXFileReference; fileEncoding = 4; lastKnownFileType = sourcecode.swift; path = ExtensionUIButton.swift; sourceTree = "<group>"; };
		066C1CC729EB90A90055D87F /* ExtensionUIFont.swift */ = {isa = PBXFileReference; fileEncoding = 4; lastKnownFileType = sourcecode.swift; path = ExtensionUIFont.swift; sourceTree = "<group>"; };
		066C1CC829EB90A90055D87F /* ExtensionString.swift */ = {isa = PBXFileReference; fileEncoding = 4; lastKnownFileType = sourcecode.swift; path = ExtensionString.swift; sourceTree = "<group>"; };
		066C1CC929EB90A90055D87F /* ExtensionUILabel.swift */ = {isa = PBXFileReference; fileEncoding = 4; lastKnownFileType = sourcecode.swift; path = ExtensionUILabel.swift; sourceTree = "<group>"; };
		066C1CCA29EB90A90055D87F /* ExtensionUIViewController.swift */ = {isa = PBXFileReference; fileEncoding = 4; lastKnownFileType = sourcecode.swift; path = ExtensionUIViewController.swift; sourceTree = "<group>"; };
		066C1CCC29EB90A90055D87F /* LanguageService.swift */ = {isa = PBXFileReference; fileEncoding = 4; lastKnownFileType = sourcecode.swift; path = LanguageService.swift; sourceTree = "<group>"; };
		066C1CCD29EB90A90055D87F /* ConnectService.swift */ = {isa = PBXFileReference; fileEncoding = 4; lastKnownFileType = sourcecode.swift; path = ConnectService.swift; sourceTree = "<group>"; };
		066C1CCE29EB90A90055D87F /* SQLiteService.swift */ = {isa = PBXFileReference; fileEncoding = 4; lastKnownFileType = sourcecode.swift; path = SQLiteService.swift; sourceTree = "<group>"; };
		066C1CCF29EB90A90055D87F /* AlamofireService.swift */ = {isa = PBXFileReference; fileEncoding = 4; lastKnownFileType = sourcecode.swift; path = AlamofireService.swift; sourceTree = "<group>"; };
		066C1CD029EB90A90055D87F /* DownloadService.swift */ = {isa = PBXFileReference; fileEncoding = 4; lastKnownFileType = sourcecode.swift; path = DownloadService.swift; sourceTree = "<group>"; };
		0679FF3F29E39886008CCD4A /* project_ios.app */ = {isa = PBXFileReference; explicitFileType = wrapper.application; includeInIndex = 0; path = project_ios.app; sourceTree = BUILT_PRODUCTS_DIR; };
		0679FF4229E39886008CCD4A /* AppDelegate.swift */ = {isa = PBXFileReference; lastKnownFileType = sourcecode.swift; path = AppDelegate.swift; sourceTree = "<group>"; };
		0679FF4429E39886008CCD4A /* SceneDelegate.swift */ = {isa = PBXFileReference; lastKnownFileType = sourcecode.swift; path = SceneDelegate.swift; sourceTree = "<group>"; };
		0679FF4629E39886008CCD4A /* ViewController.swift */ = {isa = PBXFileReference; lastKnownFileType = sourcecode.swift; path = ViewController.swift; sourceTree = "<group>"; };
		0679FF4929E39887008CCD4A /* Base */ = {isa = PBXFileReference; lastKnownFileType = file.storyboard; name = Base; path = Base.lproj/Main.storyboard; sourceTree = "<group>"; };
		0679FF4C29E39887008CCD4A /* project_ios.xcdatamodel */ = {isa = PBXFileReference; lastKnownFileType = wrapper.xcdatamodel; path = project_ios.xcdatamodel; sourceTree = "<group>"; };
		0679FF4E29E39887008CCD4A /* Assets.xcassets */ = {isa = PBXFileReference; lastKnownFileType = folder.assetcatalog; path = Assets.xcassets; sourceTree = "<group>"; };
		0679FF5129E39887008CCD4A /* Base */ = {isa = PBXFileReference; lastKnownFileType = file.storyboard; name = Base; path = Base.lproj/LaunchScreen.storyboard; sourceTree = "<group>"; };
		0679FF5329E39887008CCD4A /* Info.plist */ = {isa = PBXFileReference; lastKnownFileType = text.plist.xml; path = Info.plist; sourceTree = "<group>"; };
		0679FF5829E39887008CCD4A /* project_iosTests.xctest */ = {isa = PBXFileReference; explicitFileType = wrapper.cfbundle; includeInIndex = 0; path = project_iosTests.xctest; sourceTree = BUILT_PRODUCTS_DIR; };
		0679FF5C29E39887008CCD4A /* project_iosTests.swift */ = {isa = PBXFileReference; lastKnownFileType = sourcecode.swift; path = project_iosTests.swift; sourceTree = "<group>"; };
		0679FF6229E39887008CCD4A /* project_iosUITests.xctest */ = {isa = PBXFileReference; explicitFileType = wrapper.cfbundle; includeInIndex = 0; path = project_iosUITests.xctest; sourceTree = BUILT_PRODUCTS_DIR; };
		0679FF6629E39887008CCD4A /* project_iosUITests.swift */ = {isa = PBXFileReference; lastKnownFileType = sourcecode.swift; path = project_iosUITests.swift; sourceTree = "<group>"; };
		0679FF6829E39887008CCD4A /* project_iosUITestsLaunchTests.swift */ = {isa = PBXFileReference; lastKnownFileType = sourcecode.swift; path = project_iosUITestsLaunchTests.swift; sourceTree = "<group>"; };
		06C1B00329E8524200EE2CA2 /* CoreData.framework */ = {isa = PBXFileReference; lastKnownFileType = wrapper.framework; name = CoreData.framework; path = System/Library/Frameworks/CoreData.framework; sourceTree = SDKROOT; };
		06C1B00529E8524A00EE2CA2 /* CoreMedia.framework */ = {isa = PBXFileReference; lastKnownFileType = wrapper.framework; name = CoreMedia.framework; path = System/Library/Frameworks/CoreMedia.framework; sourceTree = SDKROOT; };
		074FB8B083C562A8BB3263F0 /* Pods-project_ios-project_iosUITests.release.xcconfig */ = {isa = PBXFileReference; includeInIndex = 1; lastKnownFileType = text.xcconfig; name = "Pods-project_ios-project_iosUITests.release.xcconfig"; path = "Target Support Files/Pods-project_ios-project_iosUITests/Pods-project_ios-project_iosUITests.release.xcconfig"; sourceTree = "<group>"; };
		0ADC038A8F0A95CB48914511 /* Pods-project_ios-project_iosUITests.debug.xcconfig */ = {isa = PBXFileReference; includeInIndex = 1; lastKnownFileType = text.xcconfig; name = "Pods-project_ios-project_iosUITests.debug.xcconfig"; path = "Target Support Files/Pods-project_ios-project_iosUITests/Pods-project_ios-project_iosUITests.debug.xcconfig"; sourceTree = "<group>"; };
		24EEADDF1DC69E60F2342A99 /* Pods_project_iosTests.framework */ = {isa = PBXFileReference; explicitFileType = wrapper.framework; includeInIndex = 0; path = Pods_project_iosTests.framework; sourceTree = BUILT_PRODUCTS_DIR; };
		2E51CF9569B7572A4FF92BB0 /* Pods_project_ios_project_iosUITests.framework */ = {isa = PBXFileReference; explicitFileType = wrapper.framework; includeInIndex = 0; path = Pods_project_ios_project_iosUITests.framework; sourceTree = BUILT_PRODUCTS_DIR; };
		46E455FC1A6F7FFE5ABCD780 /* Pods-project_iosTests.release.xcconfig */ = {isa = PBXFileReference; includeInIndex = 1; lastKnownFileType = text.xcconfig; name = "Pods-project_iosTests.release.xcconfig"; path = "Target Support Files/Pods-project_iosTests/Pods-project_iosTests.release.xcconfig"; sourceTree = "<group>"; };
		93CA876DC1C395FC4E73672E /* Pods_project_ios.framework */ = {isa = PBXFileReference; explicitFileType = wrapper.framework; includeInIndex = 0; path = Pods_project_ios.framework; sourceTree = BUILT_PRODUCTS_DIR; };
		A1A170FE4EBF0E66CAE026EF /* Pods-project_iosTests.debug.xcconfig */ = {isa = PBXFileReference; includeInIndex = 1; lastKnownFileType = text.xcconfig; name = "Pods-project_iosTests.debug.xcconfig"; path = "Target Support Files/Pods-project_iosTests/Pods-project_iosTests.debug.xcconfig"; sourceTree = "<group>"; };
		C3E0B57C308F11DBFCC74EB6 /* Pods-project_ios.release.xcconfig */ = {isa = PBXFileReference; includeInIndex = 1; lastKnownFileType = text.xcconfig; name = "Pods-project_ios.release.xcconfig"; path = "Target Support Files/Pods-project_ios/Pods-project_ios.release.xcconfig"; sourceTree = "<group>"; };
		C8464D303DFC7583CABB677D /* Pods-project_ios.debug.xcconfig */ = {isa = PBXFileReference; includeInIndex = 1; lastKnownFileType = text.xcconfig; name = "Pods-project_ios.debug.xcconfig"; path = "Target Support Files/Pods-project_ios/Pods-project_ios.debug.xcconfig"; sourceTree = "<group>"; };
/* End PBXFileReference section */

/* Begin PBXFrameworksBuildPhase section */
		0679FF3C29E39886008CCD4A /* Frameworks */ = {
			isa = PBXFrameworksBuildPhase;
			buildActionMask = 2147483647;
			files = (
				06C1B00629E8524A00EE2CA2 /* CoreMedia.framework in Frameworks */,
				5E8746736D4BA2D77A6CCF39 /* Pods_project_ios.framework in Frameworks */,
				06C1B00429E8524200EE2CA2 /* CoreData.framework in Frameworks */,
			);
			runOnlyForDeploymentPostprocessing = 0;
		};
		0679FF5529E39887008CCD4A /* Frameworks */ = {
			isa = PBXFrameworksBuildPhase;
			buildActionMask = 2147483647;
			files = (
				E8001FBF607087EAA5076086 /* Pods_project_iosTests.framework in Frameworks */,
			);
			runOnlyForDeploymentPostprocessing = 0;
		};
		0679FF5F29E39887008CCD4A /* Frameworks */ = {
			isa = PBXFrameworksBuildPhase;
			buildActionMask = 2147483647;
			files = (
				AB2572F235052AF861764ED5 /* Pods_project_ios_project_iosUITests.framework in Frameworks */,
			);
			runOnlyForDeploymentPostprocessing = 0;
		};
/* End PBXFrameworksBuildPhase section */

/* Begin PBXGroup section */
		0633DBED29E85CBC00AD74F8 /* assets */ = {
			isa = PBXGroup;
			children = (
				0633DBEE29E85CBC00AD74F8 /* map_data.json */,
				0633DBEF29E85CBC00AD74F8 /* tables.json */,
				0633DBF029E85CBC00AD74F8 /* PNA.db */,
			);
			path = assets;
			sourceTree = "<group>";
		};
		0633DBF429E85CD300AD74F8 /* objectc */ = {
			isa = PBXGroup;
			children = (
				066C1CAB29EB90140055D87F /* model */,
				066C1C4D29EB8C830055D87F /* helpers */,
				066C1C1929EB8C4B0055D87F /* controls */,
				0633DBF729E85CD300AD74F8 /* Constant.h */,
				0633DC1B29E85CD300AD74F8 /* PDKeychainBindingsController.h */,
				0633DBF529E85CD300AD74F8 /* PDKeychainBindingsController.m */,
				0633DBF629E85CD300AD74F8 /* PDKeychainBindings.h */,
				0633DC2329E85CD300AD74F8 /* PDKeychainBindings.m */,
			);
			path = objectc;
			sourceTree = "<group>";
		};
		066C1C1929EB8C4B0055D87F /* controls */ = {
			isa = PBXGroup;
			children = (
				066C1C1C29EB8C4B0055D87F /* CTCView.h */,
				066C1C2F29EB8C4B0055D87F /* CTCView.m */,
				066C1C2429EB8C4B0055D87F /* CTCLabel.h */,
				066C1C3229EB8C4B0055D87F /* CTCLabel.m */,
				066C1C3B29EB8C4B0055D87F /* CTCButton.h */,
				066C1C2729EB8C4B0055D87F /* CTCButton.m */,
				066C1C3329EB8C4B0055D87F /* CTCTextField.h */,
				066C1C2329EB8C4B0055D87F /* CTCTextField.m */,
				066C1C2929EB8C4B0055D87F /* CTCImageView.h */,
				066C1C3829EB8C4B0055D87F /* CTCImageView.m */,
				066C1C2229EB8C4B0055D87F /* CTCWKWebView.h */,
				066C1C3429EB8C4B0055D87F /* CTCWKWebView.m */,
				066C1C2C29EB8C4B0055D87F /* CTCSwitch.h */,
				066C1C1F29EB8C4B0055D87F /* CTCSwitch.m */,
				066C1C1A29EB8C4B0055D87F /* CTCSlideIndicate.h */,
				066C1C3029EB8C4B0055D87F /* CTCSlideIndicate.m */,
				066C1C3729EB8C4B0055D87F /* CTCPageDot.m */,
				066C1C2529EB8C4B0055D87F /* CTCPageDot.h */,
				066C1C3129EB8C4B0055D87F /* CTCDepthScrollView.h */,
				066C1C1B29EB8C4B0055D87F /* CTCDepthScrollView.m */,
				066C1C2E29EB8C4B0055D87F /* CTCVideo.h */,
				066C1C1D29EB8C4B0055D87F /* CTCVideo.m */,
				066C1C3629EB8C4B0055D87F /* CTCSlider.h */,
				066C1C2629EB8C4B0055D87F /* CTCSlider.m */,
				066C1C2829EB8C4B0055D87F /* CTCProgressBar.h */,
				066C1C3A29EB8C4B0055D87F /* CTCProgressBar.m */,
				066C1C2A29EB8C4B0055D87F /* CTCLineChart.h */,
				066C1C3929EB8C4B0055D87F /* CTCLineChart.m */,
				066C1C2D29EB8C4B0055D87F /* CTCCircleChart.h */,
				066C1C1E29EB8C4B0055D87F /* CTCCircleChart.m */,
				066C1C2129EB8C4B0055D87F /* CTCArcChart.h */,
				066C1C3529EB8C4B0055D87F /* CTCArcChart.m */,
				066C1C2029EB8C4B0055D87F /* RadialGradientView.h */,
				066C1C2B29EB8C4B0055D87F /* RadialGradientView.m */,
			);
			path = controls;
			sourceTree = "<group>";
		};
		066C1C4D29EB8C830055D87F /* helpers */ = {
			isa = PBXGroup;
			children = (
				066C1CA829EB8FF40055D87F /* CTHDialog.h */,
				066C1CA929EB8FF40055D87F /* CTHDialog.m */,
				066C1C9E29EB8F2C0055D87F /* CTHDGActivityIndicator.h */,
				066C1C9F29EB8F2C0055D87F /* CTHDGActivityIndicator.m */,
				066C1C9C29EB8EE90055D87F /* CTHDownload.h */,
				066C1C9B29EB8EE90055D87F /* CTHDownload.m */,
				066C1C9529EB8EBC0055D87F /* CTHCamera.h */,
				066C1C9629EB8EBC0055D87F /* CTHCamera.m */,
				066C1C9729EB8EBC0055D87F /* CTHCoreData.h */,
				066C1C9829EB8EBC0055D87F /* CTHCoreData.m */,
				066C1C8529EB8D5C0055D87F /* CTHJson.h */,
				066C1C8629EB8D5C0055D87F /* CTHJson.m */,
				066C1C8229EB8D250055D87F /* CTHCache.h */,
				066C1C8329EB8D250055D87F /* CTHCache.m */,
				066C1C7F29EB8CE40055D87F /* CTHUserDefined.h */,
				066C1C8029EB8CE40055D87F /* CTHUserDefined.m */,
				066C1C7D29EB8CC40055D87F /* CTHLanguage.h */,
				066C1C7C29EB8CC40055D87F /* CTHLanguage.m */,
				066C1C7929EB8CB40055D87F /* CTHPlatform.h */,
				066C1C7A29EB8CB40055D87F /* CTHPlatform.m */,
				066C1C5129EB8C830055D87F /* CTHFont.h */,
				066C1C6029EB8C830055D87F /* CTHFont.m */,
				066C1C5529EB8C830055D87F /* CTHHelper.h */,
				066C1C5F29EB8C830055D87F /* CTHHelper.m */,
			);
			path = helpers;
			sourceTree = "<group>";
		};
		066C1CAB29EB90140055D87F /* model */ = {
			isa = PBXGroup;
			children = (
				066C1CB129EB90140055D87F /* CTHSqlite.h */,
				066C1CAC29EB90140055D87F /* CTHSqlite.m */,
				066C1CAE29EB90140055D87F /* CTHBaseApi.h */,
				066C1CB229EB90140055D87F /* CTHBaseApi.m */,
				066C1CAD29EB90140055D87F /* CTHBaseConnection.h */,
				066C1CB029EB90140055D87F /* CTHBaseConnection.m */,
				066C1CAF29EB90140055D87F /* CTHConnection.h */,
				066C1CB329EB90140055D87F /* CTHConnection.m */,
			);
			path = model;
			sourceTree = "<group>";
		};
		066C1CB829EB90A90055D87F /* swift */ = {
			isa = PBXGroup;
			children = (
				066C1CB929EB90A90055D87F /* utils */,
				066C1CC429EB90A90055D87F /* extensions */,
				066C1CCB29EB90A90055D87F /* model */,
				066C1CD129EB90A90055D87F /* controllers */,
				066C1CD229EB90A90055D87F /* views */,
			);
			path = swift;
			sourceTree = "<group>";
		};
		066C1CB929EB90A90055D87F /* utils */ = {
			isa = PBXGroup;
			children = (
				066C1CBC29EB90A90055D87F /* SwiftTutorial.swift */,
				066C1CBA29EB90A90055D87F /* Global.swift */,
				066C1CBB29EB90A90055D87F /* UtilsAppSetting.swift */,
				066C1CBD29EB90A90055D87F /* UtilsCrypto.swift */,
				066C1CBE29EB90A90055D87F /* UtilsCoreData.swift */,
				066C1CBF29EB90A90055D87F /* UtilsKeychain.swift */,
				066C1CC029EB90A90055D87F /* UtilsDownload.swift */,
				066C1CC129EB90A90055D87F /* UtilsPhotoGallery.swift */,
				066C1CC229EB90A90055D87F /* UtilsLog.swift */,
				066C1CC329EB90A90055D87F /* UtilsValidation.swift */,
			);
			path = utils;
			sourceTree = "<group>";
		};
		066C1CC429EB90A90055D87F /* extensions */ = {
			isa = PBXGroup;
			children = (
				066C1CC529EB90A90055D87F /* ExtensionUIDevice.swift */,
				066C1CC629EB90A90055D87F /* ExtensionUIButton.swift */,
				066C1CC729EB90A90055D87F /* ExtensionUIFont.swift */,
				066C1CC829EB90A90055D87F /* ExtensionString.swift */,
				066C1CC929EB90A90055D87F /* ExtensionUILabel.swift */,
				066C1CCA29EB90A90055D87F /* ExtensionUIViewController.swift */,
			);
			path = extensions;
			sourceTree = "<group>";
		};
		066C1CCB29EB90A90055D87F /* model */ = {
			isa = PBXGroup;
			children = (
				066C1CCC29EB90A90055D87F /* LanguageService.swift */,
				066C1CCD29EB90A90055D87F /* ConnectService.swift */,
				066C1CCE29EB90A90055D87F /* SQLiteService.swift */,
				066C1CCF29EB90A90055D87F /* AlamofireService.swift */,
				066C1CD029EB90A90055D87F /* DownloadService.swift */,
			);
			path = model;
			sourceTree = "<group>";
		};
		066C1CD129EB90A90055D87F /* controllers */ = {
			isa = PBXGroup;
			children = (
			);
			path = controllers;
			sourceTree = "<group>";
		};
		066C1CD229EB90A90055D87F /* views */ = {
			isa = PBXGroup;
			children = (
				066C1CD329EB90A90055D87F /* storyboards */,
				066C1CD429EB90A90055D87F /* cells */,
			);
			path = views;
			sourceTree = "<group>";
		};
		066C1CD329EB90A90055D87F /* storyboards */ = {
			isa = PBXGroup;
			children = (
			);
			path = storyboards;
			sourceTree = "<group>";
		};
		066C1CD429EB90A90055D87F /* cells */ = {
			isa = PBXGroup;
			children = (
			);
			path = cells;
			sourceTree = "<group>";
		};
		0679FF3629E39886008CCD4A = {
			isa = PBXGroup;
			children = (
				0679FF4129E39886008CCD4A /* project_ios */,
				0679FF5B29E39887008CCD4A /* project_iosTests */,
				0679FF6529E39887008CCD4A /* project_iosUITests */,
				0679FF4029E39886008CCD4A /* Products */,
				F123BB923A5CDBFE8615B15F /* Pods */,
				55DB64D3E9863607E47AAD0B /* Frameworks */,
			);
			sourceTree = "<group>";
		};
		0679FF4029E39886008CCD4A /* Products */ = {
			isa = PBXGroup;
			children = (
				0679FF3F29E39886008CCD4A /* project_ios.app */,
				0679FF5829E39887008CCD4A /* project_iosTests.xctest */,
				0679FF6229E39887008CCD4A /* project_iosUITests.xctest */,
			);
			name = Products;
			sourceTree = "<group>";
		};
		0679FF4129E39886008CCD4A /* project_ios */ = {
			isa = PBXGroup;
			children = (
				066C1CB829EB90A90055D87F /* swift */,
				0633DBF429E85CD300AD74F8 /* objectc */,
				0633DBED29E85CBC00AD74F8 /* assets */,
				0679FF4229E39886008CCD4A /* AppDelegate.swift */,
				0679FF4429E39886008CCD4A /* SceneDelegate.swift */,
				0679FF4629E39886008CCD4A /* ViewController.swift */,
				0679FF4829E39887008CCD4A /* Main.storyboard */,
				0679FF4E29E39887008CCD4A /* Assets.xcassets */,
				0679FF5029E39887008CCD4A /* LaunchScreen.storyboard */,
				0679FF5329E39887008CCD4A /* Info.plist */,
				0679FF4B29E39887008CCD4A /* project_ios.xcdatamodeld */,
				0633DBE829E85BE600AD74F8 /* Swift-Bridging-Header.h */,
			);
			path = project_ios;
			sourceTree = "<group>";
		};
		0679FF5B29E39887008CCD4A /* project_iosTests */ = {
			isa = PBXGroup;
			children = (
				0679FF5C29E39887008CCD4A /* project_iosTests.swift */,
			);
			path = project_iosTests;
			sourceTree = "<group>";
		};
		0679FF6529E39887008CCD4A /* project_iosUITests */ = {
			isa = PBXGroup;
			children = (
				0679FF6629E39887008CCD4A /* project_iosUITests.swift */,
				0679FF6829E39887008CCD4A /* project_iosUITestsLaunchTests.swift */,
			);
			path = project_iosUITests;
			sourceTree = "<group>";
		};
		55DB64D3E9863607E47AAD0B /* Frameworks */ = {
			isa = PBXGroup;
			children = (
				0633DC6D29E85FD300AD74F8 /* libsqlite3.tbd */,
				06C1B00529E8524A00EE2CA2 /* CoreMedia.framework */,
				06C1B00329E8524200EE2CA2 /* CoreData.framework */,
				93CA876DC1C395FC4E73672E /* Pods_project_ios.framework */,
				2E51CF9569B7572A4FF92BB0 /* Pods_project_ios_project_iosUITests.framework */,
				24EEADDF1DC69E60F2342A99 /* Pods_project_iosTests.framework */,
			);
			name = Frameworks;
			sourceTree = "<group>";
		};
		F123BB923A5CDBFE8615B15F /* Pods */ = {
			isa = PBXGroup;
			children = (
				C8464D303DFC7583CABB677D /* Pods-project_ios.debug.xcconfig */,
				C3E0B57C308F11DBFCC74EB6 /* Pods-project_ios.release.xcconfig */,
				0ADC038A8F0A95CB48914511 /* Pods-project_ios-project_iosUITests.debug.xcconfig */,
				074FB8B083C562A8BB3263F0 /* Pods-project_ios-project_iosUITests.release.xcconfig */,
				A1A170FE4EBF0E66CAE026EF /* Pods-project_iosTests.debug.xcconfig */,
				46E455FC1A6F7FFE5ABCD780 /* Pods-project_iosTests.release.xcconfig */,
			);
			path = Pods;
			sourceTree = "<group>";
		};
/* End PBXGroup section */

/* Begin PBXNativeTarget section */
		0679FF3E29E39886008CCD4A /* project_ios */ = {
			isa = PBXNativeTarget;
			buildConfigurationList = 0679FF6C29E39887008CCD4A /* Build configuration list for PBXNativeTarget "project_ios" */;
			buildPhases = (
				0CBD361F6960A1BABBE200E0 /* [CP] Check Pods Manifest.lock */,
				0679FF3B29E39886008CCD4A /* Sources */,
				0679FF3C29E39886008CCD4A /* Frameworks */,
				0679FF3D29E39886008CCD4A /* Resources */,
			);
			buildRules = (
			);
			dependencies = (
			);
			name = project_ios;
			productName = project_ios;
			productReference = 0679FF3F29E39886008CCD4A /* project_ios.app */;
			productType = "com.apple.product-type.application";
		};
		0679FF5729E39887008CCD4A /* project_iosTests */ = {
			isa = PBXNativeTarget;
			buildConfigurationList = 0679FF6F29E39887008CCD4A /* Build configuration list for PBXNativeTarget "project_iosTests" */;
			buildPhases = (
				955D6E5A9608CA037B1F35D0 /* [CP] Check Pods Manifest.lock */,
				0679FF5429E39887008CCD4A /* Sources */,
				0679FF5529E39887008CCD4A /* Frameworks */,
				0679FF5629E39887008CCD4A /* Resources */,
			);
			buildRules = (
			);
			dependencies = (
				0679FF5A29E39887008CCD4A /* PBXTargetDependency */,
			);
			name = project_iosTests;
			productName = project_iosTests;
			productReference = 0679FF5829E39887008CCD4A /* project_iosTests.xctest */;
			productType = "com.apple.product-type.bundle.unit-test";
		};
		0679FF6129E39887008CCD4A /* project_iosUITests */ = {
			isa = PBXNativeTarget;
			buildConfigurationList = 0679FF7229E39887008CCD4A /* Build configuration list for PBXNativeTarget "project_iosUITests" */;
			buildPhases = (
				ECFC60B9114D3E199FFF94FA /* [CP] Check Pods Manifest.lock */,
				0679FF5E29E39887008CCD4A /* Sources */,
				0679FF5F29E39887008CCD4A /* Frameworks */,
				0679FF6029E39887008CCD4A /* Resources */,
			);
			buildRules = (
			);
			dependencies = (
				0679FF6429E39887008CCD4A /* PBXTargetDependency */,
			);
			name = project_iosUITests;
			productName = project_iosUITests;
			productReference = 0679FF6229E39887008CCD4A /* project_iosUITests.xctest */;
			productType = "com.apple.product-type.bundle.ui-testing";
		};
/* End PBXNativeTarget section */

/* Begin PBXProject section */
		0679FF3729E39886008CCD4A /* Project object */ = {
			isa = PBXProject;
			attributes = {
				BuildIndependentTargetsInParallel = 1;
				LastSwiftUpdateCheck = 1410;
				LastUpgradeCheck = 1410;
				TargetAttributes = {
					0679FF3E29E39886008CCD4A = {
						CreatedOnToolsVersion = 14.1;
					};
					0679FF5729E39887008CCD4A = {
						CreatedOnToolsVersion = 14.1;
						TestTargetID = 0679FF3E29E39886008CCD4A;
					};
					0679FF6129E39887008CCD4A = {
						CreatedOnToolsVersion = 14.1;
						TestTargetID = 0679FF3E29E39886008CCD4A;
					};
				};
			};
			buildConfigurationList = 0679FF3A29E39886008CCD4A /* Build configuration list for PBXProject "project_ios" */;
			compatibilityVersion = "Xcode 14.0";
			developmentRegion = en;
			hasScannedForEncodings = 0;
			knownRegions = (
				en,
				Base,
			);
			mainGroup = 0679FF3629E39886008CCD4A;
			productRefGroup = 0679FF4029E39886008CCD4A /* Products */;
			projectDirPath = "";
			projectRoot = "";
			targets = (
				0679FF3E29E39886008CCD4A /* project_ios */,
				0679FF5729E39887008CCD4A /* project_iosTests */,
				0679FF6129E39887008CCD4A /* project_iosUITests */,
			);
		};
/* End PBXProject section */

/* Begin PBXResourcesBuildPhase section */
		0679FF3D29E39886008CCD4A /* Resources */ = {
			isa = PBXResourcesBuildPhase;
			buildActionMask = 2147483647;
			files = (
				0633DBF129E85CBC00AD74F8 /* map_data.json in Resources */,
				0679FF5229E39887008CCD4A /* LaunchScreen.storyboard in Resources */,
				0679FF4F29E39887008CCD4A /* Assets.xcassets in Resources */,
				0633DBF229E85CBC00AD74F8 /* tables.json in Resources */,
				0679FF4A29E39887008CCD4A /* Main.storyboard in Resources */,
				0633DBF329E85CBC00AD74F8 /* PNA.db in Resources */,
			);
			runOnlyForDeploymentPostprocessing = 0;
		};
		0679FF5629E39887008CCD4A /* Resources */ = {
			isa = PBXResourcesBuildPhase;
			buildActionMask = 2147483647;
			files = (
			);
			runOnlyForDeploymentPostprocessing = 0;
		};
		0679FF6029E39887008CCD4A /* Resources */ = {
			isa = PBXResourcesBuildPhase;
			buildActionMask = 2147483647;
			files = (
			);
			runOnlyForDeploymentPostprocessing = 0;
		};
/* End PBXResourcesBuildPhase section */

/* Begin PBXShellScriptBuildPhase section */
		0CBD361F6960A1BABBE200E0 /* [CP] Check Pods Manifest.lock */ = {
			isa = PBXShellScriptBuildPhase;
			buildActionMask = 2147483647;
			files = (
			);
			inputFileListPaths = (
			);
			inputPaths = (
				"${PODS_PODFILE_DIR_PATH}/Podfile.lock",
				"${PODS_ROOT}/Manifest.lock",
			);
			name = "[CP] Check Pods Manifest.lock";
			outputFileListPaths = (
			);
			outputPaths = (
				"$(DERIVED_FILE_DIR)/Pods-project_ios-checkManifestLockResult.txt",
			);
			runOnlyForDeploymentPostprocessing = 0;
			shellPath = /bin/sh;
			shellScript = "diff \"${PODS_PODFILE_DIR_PATH}/Podfile.lock\" \"${PODS_ROOT}/Manifest.lock\" > /dev/null\nif [ $? != 0 ] ; then\n    # print error to STDERR\n    echo \"error: The sandbox is not in sync with the Podfile.lock. Run 'pod install' or update your CocoaPods installation.\" >&2\n    exit 1\nfi\n# This output is used by Xcode 'outputs' to avoid re-running this script phase.\necho \"SUCCESS\" > \"${SCRIPT_OUTPUT_FILE_0}\"\n";
			showEnvVarsInLog = 0;
		};
		955D6E5A9608CA037B1F35D0 /* [CP] Check Pods Manifest.lock */ = {
			isa = PBXShellScriptBuildPhase;
			buildActionMask = 2147483647;
			files = (
			);
			inputFileListPaths = (
			);
			inputPaths = (
				"${PODS_PODFILE_DIR_PATH}/Podfile.lock",
				"${PODS_ROOT}/Manifest.lock",
			);
			name = "[CP] Check Pods Manifest.lock";
			outputFileListPaths = (
			);
			outputPaths = (
				"$(DERIVED_FILE_DIR)/Pods-project_iosTests-checkManifestLockResult.txt",
			);
			runOnlyForDeploymentPostprocessing = 0;
			shellPath = /bin/sh;
			shellScript = "diff \"${PODS_PODFILE_DIR_PATH}/Podfile.lock\" \"${PODS_ROOT}/Manifest.lock\" > /dev/null\nif [ $? != 0 ] ; then\n    # print error to STDERR\n    echo \"error: The sandbox is not in sync with the Podfile.lock. Run 'pod install' or update your CocoaPods installation.\" >&2\n    exit 1\nfi\n# This output is used by Xcode 'outputs' to avoid re-running this script phase.\necho \"SUCCESS\" > \"${SCRIPT_OUTPUT_FILE_0}\"\n";
			showEnvVarsInLog = 0;
		};
		ECFC60B9114D3E199FFF94FA /* [CP] Check Pods Manifest.lock */ = {
			isa = PBXShellScriptBuildPhase;
			buildActionMask = 2147483647;
			files = (
			);
			inputFileListPaths = (
			);
			inputPaths = (
				"${PODS_PODFILE_DIR_PATH}/Podfile.lock",
				"${PODS_ROOT}/Manifest.lock",
			);
			name = "[CP] Check Pods Manifest.lock";
			outputFileListPaths = (
			);
			outputPaths = (
				"$(DERIVED_FILE_DIR)/Pods-project_ios-project_iosUITests-checkManifestLockResult.txt",
			);
			runOnlyForDeploymentPostprocessing = 0;
			shellPath = /bin/sh;
			shellScript = "diff \"${PODS_PODFILE_DIR_PATH}/Podfile.lock\" \"${PODS_ROOT}/Manifest.lock\" > /dev/null\nif [ $? != 0 ] ; then\n    # print error to STDERR\n    echo \"error: The sandbox is not in sync with the Podfile.lock. Run 'pod install' or update your CocoaPods installation.\" >&2\n    exit 1\nfi\n# This output is used by Xcode 'outputs' to avoid re-running this script phase.\necho \"SUCCESS\" > \"${SCRIPT_OUTPUT_FILE_0}\"\n";
			showEnvVarsInLog = 0;
		};
/* End PBXShellScriptBuildPhase section */

/* Begin PBXSourcesBuildPhase section */
		0679FF3B29E39886008CCD4A /* Sources */ = {
			isa = PBXSourcesBuildPhase;
			buildActionMask = 2147483647;
			files = (
				0679FF4729E39886008CCD4A /* ViewController.swift in Sources */,
				0679FF4D29E39887008CCD4A /* project_ios.xcdatamodeld in Sources */,
				066C1C7E29EB8CC40055D87F /* CTHLanguage.m in Sources */,
				066C1CB529EB90140055D87F /* CTHBaseConnection.m in Sources */,
				0679FF4329E39886008CCD4A /* AppDelegate.swift in Sources */,
				066C1CE929EB90A90055D87F /* DownloadService.swift in Sources */,
				066C1CDF29EB90A90055D87F /* ExtensionUIDevice.swift in Sources */,
				066C1CE829EB90A90055D87F /* AlamofireService.swift in Sources */,
				066C1C4629EB8C4B0055D87F /* CTCLabel.m in Sources */,
				066C1C4229EB8C4B0055D87F /* CTCButton.m in Sources */,
				066C1CE029EB90A90055D87F /* ExtensionUIButton.swift in Sources */,
				066C1C4929EB8C4B0055D87F /* CTCPageDot.m in Sources */,
				066C1CD529EB90A90055D87F /* Global.swift in Sources */,
				066C1CE429EB90A90055D87F /* ExtensionUIViewController.swift in Sources */,
				066C1CAA29EB8FF40055D87F /* CTHDialog.m in Sources */,
				066C1C4129EB8C4B0055D87F /* CTCSlider.m in Sources */,
				066C1C8129EB8CE40055D87F /* CTHUserDefined.m in Sources */,
				066C1CE729EB90A90055D87F /* SQLiteService.swift in Sources */,
				066C1C7229EB8C830055D87F /* CTHHelper.m in Sources */,
				066C1C9A29EB8EBC0055D87F /* CTHCoreData.m in Sources */,
				066C1C4C29EB8C4B0055D87F /* CTCProgressBar.m in Sources */,
				066C1CDA29EB90A90055D87F /* UtilsKeychain.swift in Sources */,
				066C1CE129EB90A90055D87F /* ExtensionUIFont.swift in Sources */,
				066C1C4029EB8C4B0055D87F /* CTCTextField.m in Sources */,
				066C1C7B29EB8CB40055D87F /* CTHPlatform.m in Sources */,
				066C1C4829EB8C4B0055D87F /* CTCArcChart.m in Sources */,
				0633DC4829E85CD300AD74F8 /* PDKeychainBindingsController.m in Sources */,
				0679FF4529E39886008CCD4A /* SceneDelegate.swift in Sources */,
				066C1CB629EB90140055D87F /* CTHBaseApi.m in Sources */,
				066C1CA029EB8F2C0055D87F /* CTHDGActivityIndicator.m in Sources */,
				066C1CB729EB90140055D87F /* CTHConnection.m in Sources */,
				066C1CB429EB90140055D87F /* CTHSqlite.m in Sources */,
				066C1CDC29EB90A90055D87F /* UtilsPhotoGallery.swift in Sources */,
				0633DC5D29E85CD300AD74F8 /* PDKeychainBindings.m in Sources */,
				066C1C4529EB8C4B0055D87F /* CTCSlideIndicate.m in Sources */,
				066C1CD929EB90A90055D87F /* UtilsCoreData.swift in Sources */,
				066C1C4329EB8C4B0055D87F /* RadialGradientView.m in Sources */,
				066C1CD629EB90A90055D87F /* UtilsAppSetting.swift in Sources */,
				066C1C3F29EB8C4B0055D87F /* CTCSwitch.m in Sources */,
				066C1C4B29EB8C4B0055D87F /* CTCLineChart.m in Sources */,
				066C1CE229EB90A90055D87F /* ExtensionString.swift in Sources */,
				066C1C4429EB8C4B0055D87F /* CTCView.m in Sources */,
				066C1C8429EB8D250055D87F /* CTHCache.m in Sources */,
				066C1C8729EB8D5C0055D87F /* CTHJson.m in Sources */,
				066C1C9929EB8EBC0055D87F /* CTHCamera.m in Sources */,
				066C1C3D29EB8C4B0055D87F /* CTCVideo.m in Sources */,
				066C1C7329EB8C830055D87F /* CTHFont.m in Sources */,
				066C1CD829EB90A90055D87F /* UtilsCrypto.swift in Sources */,
				066C1CE529EB90A90055D87F /* LanguageService.swift in Sources */,
				066C1C4A29EB8C4B0055D87F /* CTCImageView.m in Sources */,
				066C1CE629EB90A90055D87F /* ConnectService.swift in Sources */,
				066C1C3E29EB8C4B0055D87F /* CTCCircleChart.m in Sources */,
				066C1C9D29EB8EE90055D87F /* CTHDownload.m in Sources */,
				066C1CDE29EB90A90055D87F /* UtilsValidation.swift in Sources */,
				066C1CD729EB90A90055D87F /* SwiftTutorial.swift in Sources */,
				066C1CDD29EB90A90055D87F /* UtilsLog.swift in Sources */,
				066C1CE329EB90A90055D87F /* ExtensionUILabel.swift in Sources */,
				066C1C4729EB8C4B0055D87F /* CTCWKWebView.m in Sources */,
				066C1C3C29EB8C4B0055D87F /* CTCDepthScrollView.m in Sources */,
				066C1CDB29EB90A90055D87F /* UtilsDownload.swift in Sources */,
			);
			runOnlyForDeploymentPostprocessing = 0;
		};
		0679FF5429E39887008CCD4A /* Sources */ = {
			isa = PBXSourcesBuildPhase;
			buildActionMask = 2147483647;
			files = (
				0679FF5D29E39887008CCD4A /* project_iosTests.swift in Sources */,
			);
			runOnlyForDeploymentPostprocessing = 0;
		};
		0679FF5E29E39887008CCD4A /* Sources */ = {
			isa = PBXSourcesBuildPhase;
			buildActionMask = 2147483647;
			files = (
				0679FF6929E39887008CCD4A /* project_iosUITestsLaunchTests.swift in Sources */,
				0679FF6729E39887008CCD4A /* project_iosUITests.swift in Sources */,
			);
			runOnlyForDeploymentPostprocessing = 0;
		};
/* End PBXSourcesBuildPhase section */

/* Begin PBXTargetDependency section */
		0679FF5A29E39887008CCD4A /* PBXTargetDependency */ = {
			isa = PBXTargetDependency;
			target = 0679FF3E29E39886008CCD4A /* project_ios */;
			targetProxy = 0679FF5929E39887008CCD4A /* PBXContainerItemProxy */;
		};
		0679FF6429E39887008CCD4A /* PBXTargetDependency */ = {
			isa = PBXTargetDependency;
			target = 0679FF3E29E39886008CCD4A /* project_ios */;
			targetProxy = 0679FF6329E39887008CCD4A /* PBXContainerItemProxy */;
		};
/* End PBXTargetDependency section */

/* Begin PBXVariantGroup section */
		0679FF4829E39887008CCD4A /* Main.storyboard */ = {
			isa = PBXVariantGroup;
			children = (
				0679FF4929E39887008CCD4A /* Base */,
			);
			name = Main.storyboard;
			sourceTree = "<group>";
		};
		0679FF5029E39887008CCD4A /* LaunchScreen.storyboard */ = {
			isa = PBXVariantGroup;
			children = (
				0679FF5129E39887008CCD4A /* Base */,
			);
			name = LaunchScreen.storyboard;
			sourceTree = "<group>";
		};
/* End PBXVariantGroup section */

/* Begin XCBuildConfiguration section */
		0679FF6A29E39887008CCD4A /* Debug */ = {
			isa = XCBuildConfiguration;
			buildSettings = {
				ALWAYS_SEARCH_USER_PATHS = NO;
				CLANG_ANALYZER_NONNULL = YES;
				CLANG_ANALYZER_NUMBER_OBJECT_CONVERSION = YES_AGGRESSIVE;
				CLANG_CXX_LANGUAGE_STANDARD = "gnu++20";
				CLANG_ENABLE_MODULES = YES;
				CLANG_ENABLE_OBJC_ARC = YES;
				CLANG_ENABLE_OBJC_WEAK = YES;
				CLANG_WARN_BLOCK_CAPTURE_AUTORELEASING = YES;
				CLANG_WARN_BOOL_CONVERSION = YES;
				CLANG_WARN_COMMA = YES;
				CLANG_WARN_CONSTANT_CONVERSION = YES;
				CLANG_WARN_DEPRECATED_OBJC_IMPLEMENTATIONS = YES;
				CLANG_WARN_DIRECT_OBJC_ISA_USAGE = YES_ERROR;
				CLANG_WARN_DOCUMENTATION_COMMENTS = YES;
				CLANG_WARN_EMPTY_BODY = YES;
				CLANG_WARN_ENUM_CONVERSION = YES;
				CLANG_WARN_INFINITE_RECURSION = YES;
				CLANG_WARN_INT_CONVERSION = YES;
				CLANG_WARN_NON_LITERAL_NULL_CONVERSION = YES;
				CLANG_WARN_OBJC_IMPLICIT_RETAIN_SELF = YES;
				CLANG_WARN_OBJC_LITERAL_CONVERSION = YES;
				CLANG_WARN_OBJC_ROOT_CLASS = YES_ERROR;
				CLANG_WARN_QUOTED_INCLUDE_IN_FRAMEWORK_HEADER = YES;
				CLANG_WARN_RANGE_LOOP_ANALYSIS = YES;
				CLANG_WARN_STRICT_PROTOTYPES = YES;
				CLANG_WARN_SUSPICIOUS_MOVE = YES;
				CLANG_WARN_UNGUARDED_AVAILABILITY = YES_AGGRESSIVE;
				CLANG_WARN_UNREACHABLE_CODE = YES;
				CLANG_WARN__DUPLICATE_METHOD_MATCH = YES;
				COPY_PHASE_STRIP = NO;
				DEBUG_INFORMATION_FORMAT = dwarf;
				ENABLE_STRICT_OBJC_MSGSEND = YES;
				ENABLE_TESTABILITY = YES;
				GCC_C_LANGUAGE_STANDARD = gnu11;
				GCC_DYNAMIC_NO_PIC = NO;
				GCC_NO_COMMON_BLOCKS = YES;
				GCC_OPTIMIZATION_LEVEL = 0;
				GCC_PREPROCESSOR_DEFINITIONS = (
					"DEBUG=1",
					"$(inherited)",
				);
				GCC_WARN_64_TO_32_BIT_CONVERSION = YES;
				GCC_WARN_ABOUT_RETURN_TYPE = YES_ERROR;
				GCC_WARN_UNDECLARED_SELECTOR = YES;
				GCC_WARN_UNINITIALIZED_AUTOS = YES_AGGRESSIVE;
				GCC_WARN_UNUSED_FUNCTION = YES;
				GCC_WARN_UNUSED_VARIABLE = YES;
				IPHONEOS_DEPLOYMENT_TARGET = 16.1;
				MTL_ENABLE_DEBUG_INFO = INCLUDE_SOURCE;
				MTL_FAST_MATH = YES;
				ONLY_ACTIVE_ARCH = YES;
				SDKROOT = iphoneos;
				SWIFT_ACTIVE_COMPILATION_CONDITIONS = DEBUG;
				SWIFT_OPTIMIZATION_LEVEL = "-Onone";
			};
			name = Debug;
		};
		0679FF6B29E39887008CCD4A /* Release */ = {
			isa = XCBuildConfiguration;
			buildSettings = {
				ALWAYS_SEARCH_USER_PATHS = NO;
				CLANG_ANALYZER_NONNULL = YES;
				CLANG_ANALYZER_NUMBER_OBJECT_CONVERSION = YES_AGGRESSIVE;
				CLANG_CXX_LANGUAGE_STANDARD = "gnu++20";
				CLANG_ENABLE_MODULES = YES;
				CLANG_ENABLE_OBJC_ARC = YES;
				CLANG_ENABLE_OBJC_WEAK = YES;
				CLANG_WARN_BLOCK_CAPTURE_AUTORELEASING = YES;
				CLANG_WARN_BOOL_CONVERSION = YES;
				CLANG_WARN_COMMA = YES;
				CLANG_WARN_CONSTANT_CONVERSION = YES;
				CLANG_WARN_DEPRECATED_OBJC_IMPLEMENTATIONS = YES;
				CLANG_WARN_DIRECT_OBJC_ISA_USAGE = YES_ERROR;
				CLANG_WARN_DOCUMENTATION_COMMENTS = YES;
				CLANG_WARN_EMPTY_BODY = YES;
				CLANG_WARN_ENUM_CONVERSION = YES;
				CLANG_WARN_INFINITE_RECURSION = YES;
				CLANG_WARN_INT_CONVERSION = YES;
				CLANG_WARN_NON_LITERAL_NULL_CONVERSION = YES;
				CLANG_WARN_OBJC_IMPLICIT_RETAIN_SELF = YES;
				CLANG_WARN_OBJC_LITERAL_CONVERSION = YES;
				CLANG_WARN_OBJC_ROOT_CLASS = YES_ERROR;
				CLANG_WARN_QUOTED_INCLUDE_IN_FRAMEWORK_HEADER = YES;
				CLANG_WARN_RANGE_LOOP_ANALYSIS = YES;
				CLANG_WARN_STRICT_PROTOTYPES = YES;
				CLANG_WARN_SUSPICIOUS_MOVE = YES;
				CLANG_WARN_UNGUARDED_AVAILABILITY = YES_AGGRESSIVE;
				CLANG_WARN_UNREACHABLE_CODE = YES;
				CLANG_WARN__DUPLICATE_METHOD_MATCH = YES;
				COPY_PHASE_STRIP = NO;
				DEBUG_INFORMATION_FORMAT = "dwarf-with-dsym";
				ENABLE_NS_ASSERTIONS = NO;
				ENABLE_STRICT_OBJC_MSGSEND = YES;
				GCC_C_LANGUAGE_STANDARD = gnu11;
				GCC_NO_COMMON_BLOCKS = YES;
				GCC_WARN_64_TO_32_BIT_CONVERSION = YES;
				GCC_WARN_ABOUT_RETURN_TYPE = YES_ERROR;
				GCC_WARN_UNDECLARED_SELECTOR = YES;
				GCC_WARN_UNINITIALIZED_AUTOS = YES_AGGRESSIVE;
				GCC_WARN_UNUSED_FUNCTION = YES;
				GCC_WARN_UNUSED_VARIABLE = YES;
				IPHONEOS_DEPLOYMENT_TARGET = 16.1;
				MTL_ENABLE_DEBUG_INFO = NO;
				MTL_FAST_MATH = YES;
				SDKROOT = iphoneos;
				SWIFT_COMPILATION_MODE = wholemodule;
				SWIFT_OPTIMIZATION_LEVEL = "-O";
				VALIDATE_PRODUCT = YES;
			};
			name = Release;
		};
		0679FF6D29E39887008CCD4A /* Debug */ = {
			isa = XCBuildConfiguration;
			baseConfigurationReference = C8464D303DFC7583CABB677D /* Pods-project_ios.debug.xcconfig */;
			buildSettings = {
				ASSETCATALOG_COMPILER_APPICON_NAME = AppIcon;
				ASSETCATALOG_COMPILER_GLOBAL_ACCENT_COLOR_NAME = AccentColor;
				CODE_SIGN_STYLE = Automatic;
				CURRENT_PROJECT_VERSION = 1;
				GENERATE_INFOPLIST_FILE = YES;
				INFOPLIST_FILE = project_ios/Info.plist;
				INFOPLIST_KEY_UIApplicationSupportsIndirectInputEvents = YES;
				INFOPLIST_KEY_UILaunchStoryboardName = LaunchScreen;
				INFOPLIST_KEY_UIMainStoryboardFile = Main;
				INFOPLIST_KEY_UISupportedInterfaceOrientations_iPad = "UIInterfaceOrientationPortrait UIInterfaceOrientationPortraitUpsideDown UIInterfaceOrientationLandscapeLeft UIInterfaceOrientationLandscapeRight";
				INFOPLIST_KEY_UISupportedInterfaceOrientations_iPhone = "UIInterfaceOrientationPortrait UIInterfaceOrientationLandscapeLeft UIInterfaceOrientationLandscapeRight";
				IPHONEOS_DEPLOYMENT_TARGET = 13.0;
				LD_RUNPATH_SEARCH_PATHS = (
					"$(inherited)",
					"@executable_path/Frameworks",
				);
				MARKETING_VERSION = 1.0;
				PRODUCT_BUNDLE_IDENTIFIER = "project-ios.project-ios";
				PRODUCT_NAME = "$(TARGET_NAME)";
				SWIFT_EMIT_LOC_STRINGS = YES;
				SWIFT_VERSION = 5.0;
				TARGETED_DEVICE_FAMILY = "1,2";
			};
			name = Debug;
		};
		0679FF6E29E39887008CCD4A /* Release */ = {
			isa = XCBuildConfiguration;
			baseConfigurationReference = C3E0B57C308F11DBFCC74EB6 /* Pods-project_ios.release.xcconfig */;
			buildSettings = {
				ASSETCATALOG_COMPILER_APPICON_NAME = AppIcon;
				ASSETCATALOG_COMPILER_GLOBAL_ACCENT_COLOR_NAME = AccentColor;
				CODE_SIGN_STYLE = Automatic;
				CURRENT_PROJECT_VERSION = 1;
				GENERATE_INFOPLIST_FILE = YES;
				INFOPLIST_FILE = project_ios/Info.plist;
				INFOPLIST_KEY_UIApplicationSupportsIndirectInputEvents = YES;
				INFOPLIST_KEY_UILaunchStoryboardName = LaunchScreen;
				INFOPLIST_KEY_UIMainStoryboardFile = Main;
				INFOPLIST_KEY_UISupportedInterfaceOrientations_iPad = "UIInterfaceOrientationPortrait UIInterfaceOrientationPortraitUpsideDown UIInterfaceOrientationLandscapeLeft UIInterfaceOrientationLandscapeRight";
				INFOPLIST_KEY_UISupportedInterfaceOrientations_iPhone = "UIInterfaceOrientationPortrait UIInterfaceOrientationLandscapeLeft UIInterfaceOrientationLandscapeRight";
				IPHONEOS_DEPLOYMENT_TARGET = 13.0;
				LD_RUNPATH_SEARCH_PATHS = (
					"$(inherited)",
					"@executable_path/Frameworks",
				);
				MARKETING_VERSION = 1.0;
				PRODUCT_BUNDLE_IDENTIFIER = "project-ios.project-ios";
				PRODUCT_NAME = "$(TARGET_NAME)";
				SWIFT_EMIT_LOC_STRINGS = YES;
				SWIFT_VERSION = 5.0;
				TARGETED_DEVICE_FAMILY = "1,2";
			};
			name = Release;
		};
		0679FF7029E39887008CCD4A /* Debug */ = {
			isa = XCBuildConfiguration;
			baseConfigurationReference = A1A170FE4EBF0E66CAE026EF /* Pods-project_iosTests.debug.xcconfig */;
			buildSettings = {
				ALWAYS_EMBED_SWIFT_STANDARD_LIBRARIES = "$(inherited)";
				BUNDLE_LOADER = "$(TEST_HOST)";
				CODE_SIGN_STYLE = Automatic;
				CURRENT_PROJECT_VERSION = 1;
				GENERATE_INFOPLIST_FILE = YES;
				IPHONEOS_DEPLOYMENT_TARGET = 11.0;
				MARKETING_VERSION = 1.0;
				PRODUCT_BUNDLE_IDENTIFIER = "project-ios.project-iosTests";
				PRODUCT_NAME = "$(TARGET_NAME)";
				SWIFT_EMIT_LOC_STRINGS = NO;
				SWIFT_VERSION = 5.0;
				TARGETED_DEVICE_FAMILY = "1,2";
				TEST_HOST = "$(BUILT_PRODUCTS_DIR)/project_ios.app/$(BUNDLE_EXECUTABLE_FOLDER_PATH)/project_ios";
			};
			name = Debug;
		};
		0679FF7129E39887008CCD4A /* Release */ = {
			isa = XCBuildConfiguration;
			baseConfigurationReference = 46E455FC1A6F7FFE5ABCD780 /* Pods-project_iosTests.release.xcconfig */;
			buildSettings = {
				ALWAYS_EMBED_SWIFT_STANDARD_LIBRARIES = "$(inherited)";
				BUNDLE_LOADER = "$(TEST_HOST)";
				CODE_SIGN_STYLE = Automatic;
				CURRENT_PROJECT_VERSION = 1;
				GENERATE_INFOPLIST_FILE = YES;
				IPHONEOS_DEPLOYMENT_TARGET = 11.0;
				MARKETING_VERSION = 1.0;
				PRODUCT_BUNDLE_IDENTIFIER = "project-ios.project-iosTests";
				PRODUCT_NAME = "$(TARGET_NAME)";
				SWIFT_EMIT_LOC_STRINGS = NO;
				SWIFT_VERSION = 5.0;
				TARGETED_DEVICE_FAMILY = "1,2";
				TEST_HOST = "$(BUILT_PRODUCTS_DIR)/project_ios.app/$(BUNDLE_EXECUTABLE_FOLDER_PATH)/project_ios";
			};
			name = Release;
		};
		0679FF7329E39887008CCD4A /* Debug */ = {
			isa = XCBuildConfiguration;
			baseConfigurationReference = 0ADC038A8F0A95CB48914511 /* Pods-project_ios-project_iosUITests.debug.xcconfig */;
			buildSettings = {
				ALWAYS_EMBED_SWIFT_STANDARD_LIBRARIES = "$(inherited)";
				CODE_SIGN_STYLE = Automatic;
				CURRENT_PROJECT_VERSION = 1;
				GENERATE_INFOPLIST_FILE = YES;
				MARKETING_VERSION = 1.0;
				PRODUCT_BUNDLE_IDENTIFIER = "project-ios.project-iosUITests";
				PRODUCT_NAME = "$(TARGET_NAME)";
				SWIFT_EMIT_LOC_STRINGS = NO;
				SWIFT_VERSION = 5.0;
				TARGETED_DEVICE_FAMILY = "1,2";
				TEST_TARGET_NAME = project_ios;
			};
			name = Debug;
		};
		0679FF7429E39887008CCD4A /* Release */ = {
			isa = XCBuildConfiguration;
			baseConfigurationReference = 074FB8B083C562A8BB3263F0 /* Pods-project_ios-project_iosUITests.release.xcconfig */;
			buildSettings = {
				ALWAYS_EMBED_SWIFT_STANDARD_LIBRARIES = "$(inherited)";
				CODE_SIGN_STYLE = Automatic;
				CURRENT_PROJECT_VERSION = 1;
				GENERATE_INFOPLIST_FILE = YES;
				MARKETING_VERSION = 1.0;
				PRODUCT_BUNDLE_IDENTIFIER = "project-ios.project-iosUITests";
				PRODUCT_NAME = "$(TARGET_NAME)";
				SWIFT_EMIT_LOC_STRINGS = NO;
				SWIFT_VERSION = 5.0;
				TARGETED_DEVICE_FAMILY = "1,2";
				TEST_TARGET_NAME = project_ios;
			};
			name = Release;
		};
/* End XCBuildConfiguration section */

/* Begin XCConfigurationList section */
		0679FF3A29E39886008CCD4A /* Build configuration list for PBXProject "project_ios" */ = {
			isa = XCConfigurationList;
			buildConfigurations = (
				0679FF6A29E39887008CCD4A /* Debug */,
				0679FF6B29E39887008CCD4A /* Release */,
			);
			defaultConfigurationIsVisible = 0;
			defaultConfigurationName = Release;
		};
		0679FF6C29E39887008CCD4A /* Build configuration list for PBXNativeTarget "project_ios" */ = {
			isa = XCConfigurationList;
			buildConfigurations = (
				0679FF6D29E39887008CCD4A /* Debug */,
				0679FF6E29E39887008CCD4A /* Release */,
			);
			defaultConfigurationIsVisible = 0;
			defaultConfigurationName = Release;
		};
		0679FF6F29E39887008CCD4A /* Build configuration list for PBXNativeTarget "project_iosTests" */ = {
			isa = XCConfigurationList;
			buildConfigurations = (
				0679FF7029E39887008CCD4A /* Debug */,
				0679FF7129E39887008CCD4A /* Release */,
			);
			defaultConfigurationIsVisible = 0;
			defaultConfigurationName = Release;
		};
		0679FF7229E39887008CCD4A /* Build configuration list for PBXNativeTarget "project_iosUITests" */ = {
			isa = XCConfigurationList;
			buildConfigurations = (
				0679FF7329E39887008CCD4A /* Debug */,
				0679FF7429E39887008CCD4A /* Release */,
			);
			defaultConfigurationIsVisible = 0;
			defaultConfigurationName = Release;
		};
/* End XCConfigurationList section */

/* Begin XCVersionGroup section */
		0679FF4B29E39887008CCD4A /* project_ios.xcdatamodeld */ = {
			isa = XCVersionGroup;
			children = (
				0679FF4C29E39887008CCD4A /* project_ios.xcdatamodel */,
			);
			currentVersion = 0679FF4C29E39887008CCD4A /* project_ios.xcdatamodel */;
			path = project_ios.xcdatamodeld;
			sourceTree = "<group>";
			versionGroupType = wrapper.xcdatamodel;
		};
/* End XCVersionGroup section */
	};
	rootObject = 0679FF3729E39886008CCD4A /* Project object */;
}
